// !$*UTF8*$!
{
	archiveVersion = 1;
	classes = {
	};
	objectVersion = 46;
	objects = {

/* Begin PBXBuildFile section */
		35019D881468D91200FDEED2 /* ImagePickerMenuItemView.m in Sources */ = {isa = PBXBuildFile; fileRef = 35019D851468D91200FDEED2 /* ImagePickerMenuItemView.m */; };
		35019D891468D91200FDEED2 /* MenuItemViewController.m in Sources */ = {isa = PBXBuildFile; fileRef = 35019D871468D91200FDEED2 /* MenuItemViewController.m */; };
		35019D8B1468DB2800FDEED2 /* smileEmoji.png in Resources */ = {isa = PBXBuildFile; fileRef = 35019D8A1468DB2800FDEED2 /* smileEmoji.png */; };
		35019D951468F82D00FDEED2 /* MyTextAttachmentCell.m in Sources */ = {isa = PBXBuildFile; fileRef = 35019D941468F82D00FDEED2 /* MyTextAttachmentCell.m */; };
		350713FF14497D100080D041 /* FlippedView.m in Sources */ = {isa = PBXBuildFile; fileRef = 350713FE14497D100080D041 /* FlippedView.m */; };
		3509E84F143CACA00053EF3F /* favorite_off.png in Resources */ = {isa = PBXBuildFile; fileRef = 3509E845143CACA00053EF3F /* favorite_off.png */; };
		3509E850143CACA00053EF3F /* favorite_on.png in Resources */ = {isa = PBXBuildFile; fileRef = 3509E846143CACA00053EF3F /* favorite_on.png */; };
		3509E851143CACA00053EF3F /* mentions_off.png in Resources */ = {isa = PBXBuildFile; fileRef = 3509E847143CACA00053EF3F /* mentions_off.png */; };
		3509E852143CACA00053EF3F /* mentions_on.png in Resources */ = {isa = PBXBuildFile; fileRef = 3509E848143CACA00053EF3F /* mentions_on.png */; };
		3509E853143CACA00053EF3F /* people_off.png in Resources */ = {isa = PBXBuildFile; fileRef = 3509E849143CACA00053EF3F /* people_off.png */; };
		3509E854143CACA00053EF3F /* people_on.png in Resources */ = {isa = PBXBuildFile; fileRef = 3509E84A143CACA00053EF3F /* people_on.png */; };
		3509E855143CACA00053EF3F /* search_off.png in Resources */ = {isa = PBXBuildFile; fileRef = 3509E84B143CACA00053EF3F /* search_off.png */; };
		3509E856143CACA00053EF3F /* search_on.png in Resources */ = {isa = PBXBuildFile; fileRef = 3509E84C143CACA00053EF3F /* search_on.png */; };
		3509E857143CACA00053EF3F /* timeline_off.png in Resources */ = {isa = PBXBuildFile; fileRef = 3509E84D143CACA00053EF3F /* timeline_off.png */; };
		3509E858143CACA00053EF3F /* timeline_on.png in Resources */ = {isa = PBXBuildFile; fileRef = 3509E84E143CACA00053EF3F /* timeline_on.png */; };
		35171890143B035E00DB2726 /* RoundedButtonCell.m in Sources */ = {isa = PBXBuildFile; fileRef = 3517188F143B035E00DB2726 /* RoundedButtonCell.m */; };
		35263AAC140F1F4800944D3E /* Cocoa.framework in Frameworks */ = {isa = PBXBuildFile; fileRef = 35263AAB140F1F4800944D3E /* Cocoa.framework */; };
		35263AB6140F1F4800944D3E /* InfoPlist.strings in Resources */ = {isa = PBXBuildFile; fileRef = 35263AB4140F1F4800944D3E /* InfoPlist.strings */; };
		35263AB8140F1F4800944D3E /* main.m in Sources */ = {isa = PBXBuildFile; fileRef = 35263AB7140F1F4800944D3E /* main.m */; };
		35263ABC140F1F4800944D3E /* Credits.rtf in Resources */ = {isa = PBXBuildFile; fileRef = 35263ABA140F1F4800944D3E /* Credits.rtf */; };
		35263ABF140F1F4800944D3E /* AppDelegate.m in Sources */ = {isa = PBXBuildFile; fileRef = 35263ABE140F1F4800944D3E /* AppDelegate.m */; };
		35263AC2140F1F4800944D3E /* MainMenu.xib in Resources */ = {isa = PBXBuildFile; fileRef = 35263AC0140F1F4800944D3E /* MainMenu.xib */; };
		35263ACD140F1F9800944D3E /* QWMainWindowController.m in Sources */ = {isa = PBXBuildFile; fileRef = 35263ACC140F1F9800944D3E /* QWMainWindowController.m */; };
		35263ADC140F22A500944D3E /* QWMainWindowController.xib in Resources */ = {isa = PBXBuildFile; fileRef = 35263ADB140F22A500944D3E /* QWMainWindowController.xib */; };
		352A7D5D140F5C5B00F3E6B3 /* WebKit.framework in Frameworks */ = {isa = PBXBuildFile; fileRef = 352A7D5C140F5C5B00F3E6B3 /* WebKit.framework */; };
		352EE05B1441314500AB7913 /* weibo.icns in Resources */ = {isa = PBXBuildFile; fileRef = 352EE05A1441314500AB7913 /* weibo.icns */; };
		352EE05E14413F3D00AB7913 /* NSScrollView+Categories.m in Sources */ = {isa = PBXBuildFile; fileRef = 352EE05D14413F3D00AB7913 /* NSScrollView+Categories.m */; };
		352EE06B1441457300AB7913 /* ListViewEndCell.m in Sources */ = {isa = PBXBuildFile; fileRef = 352EE06A1441457300AB7913 /* ListViewEndCell.m */; };
		352EE06D1441458200AB7913 /* ListViewEndCell.xib in Resources */ = {isa = PBXBuildFile; fileRef = 352EE06C1441458200AB7913 /* ListViewEndCell.xib */; };
		352EE0781441916700AB7913 /* end.png in Resources */ = {isa = PBXBuildFile; fileRef = 352EE0771441916700AB7913 /* end.png */; };
		353C6C5E144BCAC500E67DE4 /* ScrollViewPassive.m in Sources */ = {isa = PBXBuildFile; fileRef = 353C6C5D144BCAC400E67DE4 /* ScrollViewPassive.m */; };
		353C6C73144BD3A900E67DE4 /* NS(Attributed)String+Geometrics.m in Sources */ = {isa = PBXBuildFile; fileRef = 353C6C72144BD3A900E67DE4 /* NS(Attributed)String+Geometrics.m */; };
		353C6CC5144C537200E67DE4 /* blackx.png in Resources */ = {isa = PBXBuildFile; fileRef = 353C6CC4144C537200E67DE4 /* blackx.png */; };
		354A8E8F144DC4290012D2BD /* NSImage+Categories.m in Sources */ = {isa = PBXBuildFile; fileRef = 354A8E8E144DC4290012D2BD /* NSImage+Categories.m */; };
		357ADA8B14580AF4006CA936 /* YAJL.framework in Frameworks */ = {isa = PBXBuildFile; fileRef = 357ADA8A14580AF4006CA936 /* YAJL.framework */; };
		357ADA8D14580AFF006CA936 /* YAJL.framework in CopyFiles */ = {isa = PBXBuildFile; fileRef = 357ADA8A14580AF4006CA936 /* YAJL.framework */; };
		35809B411443D1FC00CB02C2 /* QWTweetViewController.m in Sources */ = {isa = PBXBuildFile; fileRef = 35809B3F1443D1FC00CB02C2 /* QWTweetViewController.m */; };
		35809B421443D1FC00CB02C2 /* QWTweetViewController.xib in Resources */ = {isa = PBXBuildFile; fileRef = 35809B401443D1FC00CB02C2 /* QWTweetViewController.xib */; };
		35809B6E1444229F00CB02C2 /* status_on.png in Resources */ = {isa = PBXBuildFile; fileRef = 35809B6C1444229F00CB02C2 /* status_on.png */; };
		35809B6F1444229F00CB02C2 /* status_off.png in Resources */ = {isa = PBXBuildFile; fileRef = 35809B6D1444229F00CB02C2 /* status_off.png */; };
		35809B711444441000CB02C2 /* blue_dot.png in Resources */ = {isa = PBXBuildFile; fileRef = 35809B701444441000CB02C2 /* blue_dot.png */; };
		3582C8FB14651F0C00F47560 /* QWeiboSDK.framework in Frameworks */ = {isa = PBXBuildFile; fileRef = 35FA49FC14651E53000404EA /* QWeiboSDK.framework */; };
		3582C8FC14651FAC00F47560 /* QWeiboSDK.framework in CopyFiles */ = {isa = PBXBuildFile; fileRef = 35FA49FC14651E53000404EA /* QWeiboSDK.framework */; };
		3583177E144AB9AD0057A1FE /* DragDropImageView.m in Sources */ = {isa = PBXBuildFile; fileRef = 3583177D144AB9AD0057A1FE /* DragDropImageView.m */; };
		359E5EBC144D6E14009E5ADC /* head.jpg in Resources */ = {isa = PBXBuildFile; fileRef = 359E5EBB144D6E14009E5ADC /* head.jpg */; };
		359E5EBE144D7C80009E5ADC /* badge-favorite.png in Resources */ = {isa = PBXBuildFile; fileRef = 359E5EBD144D7C80009E5ADC /* badge-favorite.png */; };
		35B12EB1141FAF3000F963FC /* ToolboxView.m in Sources */ = {isa = PBXBuildFile; fileRef = 35B12EB0141FAF3000F963FC /* ToolboxView.m */; };
		35B12EB4141FB18F00F963FC /* QWVerifyWindowController.m in Sources */ = {isa = PBXBuildFile; fileRef = 35B12EB3141FB18F00F963FC /* QWVerifyWindowController.m */; };
		35B12EB6141FB1A300F963FC /* QWVerifyWindowController.xib in Resources */ = {isa = PBXBuildFile; fileRef = 35B12EB5141FB1A300F963FC /* QWVerifyWindowController.xib */; };
		35B61E4A143E85630001741D /* NSObject+Universal.m in Sources */ = {isa = PBXBuildFile; fileRef = 35B61E49143E85630001741D /* NSObject+Universal.m */; };
		35B61E56143EE1780001741D /* messages_off.png in Resources */ = {isa = PBXBuildFile; fileRef = 35B61E54143EE1780001741D /* messages_off.png */; };
		35B61E57143EE1780001741D /* messages_on.png in Resources */ = {isa = PBXBuildFile; fileRef = 35B61E55143EE1780001741D /* messages_on.png */; };
		35B61E67143EF13D0001741D /* QWPublishMessageWindowController.m in Sources */ = {isa = PBXBuildFile; fileRef = 35B61E66143EF13D0001741D /* QWPublishMessageWindowController.m */; };
		35B61E69143EF1550001741D /* QWPublishMessageWindowController.xib in Resources */ = {isa = PBXBuildFile; fileRef = 35B61E68143EF1540001741D /* QWPublishMessageWindowController.xib */; };
		35C6DF3B14679FE200EF052F /* e307.gif in Resources */ = {isa = PBXBuildFile; fileRef = 35C6DECF14679FE200EF052F /* e307.gif */; };
		35C6DF3C14679FE200EF052F /* e609.gif in Resources */ = {isa = PBXBuildFile; fileRef = 35C6DED014679FE200EF052F /* e609.gif */; };
		35C6DF3D14679FE200EF052F /* no.gif in Resources */ = {isa = PBXBuildFile; fileRef = 35C6DED114679FE200EF052F /* no.gif */; };
		35C6DF3E14679FE200EF052F /* ok.gif in Resources */ = {isa = PBXBuildFile; fileRef = 35C6DED214679FE200EF052F /* ok.gif */; };
		35C6DF3F14679FE200EF052F /* wennuan.png in Resources */ = {isa = PBXBuildFile; fileRef = 35C6DED314679FE200EF052F /* wennuan.png */; };
		35C6DF4014679FE200EF052F /* 乒乓.gif in Resources */ = {isa = PBXBuildFile; fileRef = 35C6DED414679FE200EF052F /* 乒乓.gif */; };
		35C6DF4114679FE200EF052F /* 亲亲.gif in Resources */ = {isa = PBXBuildFile; fileRef = 35C6DED514679FE200EF052F /* 亲亲.gif */; };
		35C6DF4214679FE200EF052F /* 便便.gif in Resources */ = {isa = PBXBuildFile; fileRef = 35C6DED614679FE200EF052F /* 便便.gif */; };
		35C6DF4314679FE200EF052F /* 偷笑.gif in Resources */ = {isa = PBXBuildFile; fileRef = 35C6DED714679FE200EF052F /* 偷笑.gif */; };
		35C6DF4414679FE200EF052F /* 傲慢.gif in Resources */ = {isa = PBXBuildFile; fileRef = 35C6DED814679FE200EF052F /* 傲慢.gif */; };
		35C6DF4514679FE200EF052F /* 再见.gif in Resources */ = {isa = PBXBuildFile; fileRef = 35C6DED914679FE200EF052F /* 再见.gif */; };
		35C6DF4614679FE200EF052F /* 冷汗.gif in Resources */ = {isa = PBXBuildFile; fileRef = 35C6DEDA14679FE200EF052F /* 冷汗.gif */; };
		35C6DF4714679FE200EF052F /* 凋谢.gif in Resources */ = {isa = PBXBuildFile; fileRef = 35C6DEDB14679FE200EF052F /* 凋谢.gif */; };
		35C6DF4814679FE200EF052F /* 刀.gif in Resources */ = {isa = PBXBuildFile; fileRef = 35C6DEDC14679FE200EF052F /* 刀.gif */; };
		35C6DF4914679FE200EF052F /* 勾引.gif in Resources */ = {isa = PBXBuildFile; fileRef = 35C6DEDD14679FE200EF052F /* 勾引.gif */; };
		35C6DF4A14679FE200EF052F /* 发呆.gif in Resources */ = {isa = PBXBuildFile; fileRef = 35C6DEDE14679FE200EF052F /* 发呆.gif */; };
		35C6DF4B14679FE200EF052F /* 发怒.gif in Resources */ = {isa = PBXBuildFile; fileRef = 35C6DEDF14679FE200EF052F /* 发怒.gif */; };
		35C6DF4C14679FE200EF052F /* 发抖.gif in Resources */ = {isa = PBXBuildFile; fileRef = 35C6DEE014679FE200EF052F /* 发抖.gif */; };
		35C6DF4D14679FE200EF052F /* 可怜.gif in Resources */ = {isa = PBXBuildFile; fileRef = 35C6DEE114679FE200EF052F /* 可怜.gif */; };
		35C6DF4E14679FE200EF052F /* 可爱.gif in Resources */ = {isa = PBXBuildFile; fileRef = 35C6DEE214679FE200EF052F /* 可爱.gif */; };
		35C6DF4F14679FE200EF052F /* 右哼哼.gif in Resources */ = {isa = PBXBuildFile; fileRef = 35C6DEE314679FE200EF052F /* 右哼哼.gif */; };
		35C6DF5014679FE200EF052F /* 右太极.gif in Resources */ = {isa = PBXBuildFile; fileRef = 35C6DEE414679FE200EF052F /* 右太极.gif */; };
		35C6DF5114679FE200EF052F /* 吐.gif in Resources */ = {isa = PBXBuildFile; fileRef = 35C6DEE514679FE200EF052F /* 吐.gif */; };
		35C6DF5214679FE200EF052F /* 吓.gif in Resources */ = {isa = PBXBuildFile; fileRef = 35C6DEE614679FE200EF052F /* 吓.gif */; };
		35C6DF5314679FE200EF052F /* 咒骂.gif in Resources */ = {isa = PBXBuildFile; fileRef = 35C6DEE714679FE200EF052F /* 咒骂.gif */; };
		35C6DF5414679FE200EF052F /* 咖啡.gif in Resources */ = {isa = PBXBuildFile; fileRef = 35C6DEE814679FE200EF052F /* 咖啡.gif */; };
		35C6DF5514679FE200EF052F /* 哈欠.gif in Resources */ = {isa = PBXBuildFile; fileRef = 35C6DEE914679FE200EF052F /* 哈欠.gif */; };
		35C6DF5614679FE200EF052F /* 啤酒.gif in Resources */ = {isa = PBXBuildFile; fileRef = 35C6DEEA14679FE200EF052F /* 啤酒.gif */; };
		35C6DF5714679FE200EF052F /* 嘘.gif in Resources */ = {isa = PBXBuildFile; fileRef = 35C6DEEB14679FE200EF052F /* 嘘.gif */; };
		35C6DF5814679FE200EF052F /* 回头.gif in Resources */ = {isa = PBXBuildFile; fileRef = 35C6DEEC14679FE200EF052F /* 回头.gif */; };
		35C6DF5914679FE200EF052F /* 困.gif in Resources */ = {isa = PBXBuildFile; fileRef = 35C6DEED14679FE200EF052F /* 困.gif */; };
		35C6DF5A14679FE200EF052F /* 坏笑.gif in Resources */ = {isa = PBXBuildFile; fileRef = 35C6DEEE14679FE200EF052F /* 坏笑.gif */; };
		35C6DF5B14679FE200EF052F /* 大兵.gif in Resources */ = {isa = PBXBuildFile; fileRef = 35C6DEEF14679FE200EF052F /* 大兵.gif */; };
		35C6DF5C14679FE200EF052F /* 大哭.gif in Resources */ = {isa = PBXBuildFile; fileRef = 35C6DEF014679FE200EF052F /* 大哭.gif */; };
		35C6DF5D14679FE200EF052F /* 太阳.gif in Resources */ = {isa = PBXBuildFile; fileRef = 35C6DEF114679FE200EF052F /* 太阳.gif */; };
		35C6DF5E14679FE200EF052F /* 奋斗.gif in Resources */ = {isa = PBXBuildFile; fileRef = 35C6DEF214679FE200EF052F /* 奋斗.gif */; };
		35C6DF5F14679FE200EF052F /* 委屈.gif in Resources */ = {isa = PBXBuildFile; fileRef = 35C6DEF314679FE200EF052F /* 委屈.gif */; };
		35C6DF6014679FE200EF052F /* 害羞.gif in Resources */ = {isa = PBXBuildFile; fileRef = 35C6DEF414679FE200EF052F /* 害羞.gif */; };
		35C6DF6114679FE200EF052F /* 尴尬.gif in Resources */ = {isa = PBXBuildFile; fileRef = 35C6DEF514679FE200EF052F /* 尴尬.gif */; };
		35C6DF6214679FE200EF052F /* 左哼哼.gif in Resources */ = {isa = PBXBuildFile; fileRef = 35C6DEF614679FE200EF052F /* 左哼哼.gif */; };
		35C6DF6314679FE200EF052F /* 左太极.gif in Resources */ = {isa = PBXBuildFile; fileRef = 35C6DEF714679FE200EF052F /* 左太极.gif */; };
		35C6DF6414679FE200EF052F /* 差劲.gif in Resources */ = {isa = PBXBuildFile; fileRef = 35C6DEF814679FE200EF052F /* 差劲.gif */; };
		35C6DF6514679FE200EF052F /* 弱.gif in Resources */ = {isa = PBXBuildFile; fileRef = 35C6DEF914679FE200EF052F /* 弱.gif */; };
		35C6DF6614679FE200EF052F /* 强.gif in Resources */ = {isa = PBXBuildFile; fileRef = 35C6DEFA14679FE200EF052F /* 强.gif */; };
		35C6DF6714679FE200EF052F /* 得意.gif in Resources */ = {isa = PBXBuildFile; fileRef = 35C6DEFB14679FE200EF052F /* 得意.gif */; };
		35C6DF6814679FE200EF052F /* 微笑.gif in Resources */ = {isa = PBXBuildFile; fileRef = 35C6DEFC14679FE200EF052F /* 微笑.gif */; };
		35C6DF6914679FE200EF052F /* 心碎.gif in Resources */ = {isa = PBXBuildFile; fileRef = 35C6DEFD14679FE200EF052F /* 心碎.gif */; };
		35C6DF6A14679FE200EF052F /* 快哭了.gif in Resources */ = {isa = PBXBuildFile; fileRef = 35C6DEFE14679FE200EF052F /* 快哭了.gif */; };
		35C6DF6B14679FE200EF052F /* 怄火.gif in Resources */ = {isa = PBXBuildFile; fileRef = 35C6DEFF14679FE200EF052F /* 怄火.gif */; };
		35C6DF6C14679FE200EF052F /* 惊恐.gif in Resources */ = {isa = PBXBuildFile; fileRef = 35C6DF0014679FE200EF052F /* 惊恐.gif */; };
		35C6DF6D14679FE200EF052F /* 惊讶.gif in Resources */ = {isa = PBXBuildFile; fileRef = 35C6DF0114679FE200EF052F /* 惊讶.gif */; };
		35C6DF6E14679FE200EF052F /* 憨笑.gif in Resources */ = {isa = PBXBuildFile; fileRef = 35C6DF0214679FE200EF052F /* 憨笑.gif */; };
		35C6DF6F14679FE200EF052F /* 抓狂.gif in Resources */ = {isa = PBXBuildFile; fileRef = 35C6DF0314679FE200EF052F /* 抓狂.gif */; };
		35C6DF7014679FE200EF052F /* 折磨.gif in Resources */ = {isa = PBXBuildFile; fileRef = 35C6DF0414679FE200EF052F /* 折磨.gif */; };
		35C6DF7114679FE200EF052F /* 抠鼻.gif in Resources */ = {isa = PBXBuildFile; fileRef = 35C6DF0514679FE200EF052F /* 抠鼻.gif */; };
		35C6DF7214679FE200EF052F /* 抱拳.gif in Resources */ = {isa = PBXBuildFile; fileRef = 35C6DF0614679FE200EF052F /* 抱拳.gif */; };
		35C6DF7314679FE200EF052F /* 拥抱.gif in Resources */ = {isa = PBXBuildFile; fileRef = 35C6DF0714679FE200EF052F /* 拥抱.gif */; };
		35C6DF7414679FE200EF052F /* 拳头.gif in Resources */ = {isa = PBXBuildFile; fileRef = 35C6DF0814679FE200EF052F /* 拳头.gif */; };
		35C6DF7514679FE200EF052F /* 挥手.gif in Resources */ = {isa = PBXBuildFile; fileRef = 35C6DF0914679FE200EF052F /* 挥手.gif */; };
		35C6DF7614679FE200EF052F /* 握手.gif in Resources */ = {isa = PBXBuildFile; fileRef = 35C6DF0A14679FE200EF052F /* 握手.gif */; };
		35C6DF7714679FE200EF052F /* 撇嘴.gif in Resources */ = {isa = PBXBuildFile; fileRef = 35C6DF0B14679FE200EF052F /* 撇嘴.gif */; };
		35C6DF7814679FE200EF052F /* 擦汗.gif in Resources */ = {isa = PBXBuildFile; fileRef = 35C6DF0C14679FE200EF052F /* 擦汗.gif */; };
		35C6DF7914679FE200EF052F /* 敲打.gif in Resources */ = {isa = PBXBuildFile; fileRef = 35C6DF0D14679FE200EF052F /* 敲打.gif */; };
		35C6DF7A14679FE200EF052F /* 晕.gif in Resources */ = {isa = PBXBuildFile; fileRef = 35C6DF0E14679FE200EF052F /* 晕.gif */; };
		35C6DF7B14679FE200EF052F /* 月亮.gif in Resources */ = {isa = PBXBuildFile; fileRef = 35C6DF0F14679FE200EF052F /* 月亮.gif */; };
		35C6DF7C14679FE200EF052F /* 流汗.gif in Resources */ = {isa = PBXBuildFile; fileRef = 35C6DF1014679FE200EF052F /* 流汗.gif */; };
		35C6DF7D14679FE200EF052F /* 流泪.gif in Resources */ = {isa = PBXBuildFile; fileRef = 35C6DF1114679FE200EF052F /* 流泪.gif */; };
		35C6DF7E14679FE200EF052F /* 激动.gif in Resources */ = {isa = PBXBuildFile; fileRef = 35C6DF1214679FE200EF052F /* 激动.gif */; };
		35C6DF7F14679FE200EF052F /* 炸弹.gif in Resources */ = {isa = PBXBuildFile; fileRef = 35C6DF1314679FE200EF052F /* 炸弹.gif */; };
		35C6DF8014679FE200EF052F /* 爱你.gif in Resources */ = {isa = PBXBuildFile; fileRef = 35C6DF1414679FE200EF052F /* 爱你.gif */; };
		35C6DF8114679FE200EF052F /* 爱心.gif in Resources */ = {isa = PBXBuildFile; fileRef = 35C6DF1514679FE200EF052F /* 爱心.gif */; };
		35C6DF8214679FE200EF052F /* 爱情.gif in Resources */ = {isa = PBXBuildFile; fileRef = 35C6DF1614679FE200EF052F /* 爱情.gif */; };
		35C6DF8314679FE200EF052F /* 猪头.gif in Resources */ = {isa = PBXBuildFile; fileRef = 35C6DF1714679FE200EF052F /* 猪头.gif */; };
		35C6DF8414679FE200EF052F /* 献吻.gif in Resources */ = {isa = PBXBuildFile; fileRef = 35C6DF1814679FE200EF052F /* 献吻.gif */; };
		35C6DF8514679FE200EF052F /* 玫瑰.gif in Resources */ = {isa = PBXBuildFile; fileRef = 35C6DF1914679FE200EF052F /* 玫瑰.gif */; };
		35C6DF8614679FE200EF052F /* 瓢虫.gif in Resources */ = {isa = PBXBuildFile; fileRef = 35C6DF1A14679FE200EF052F /* 瓢虫.gif */; };
		35C6DF8714679FE200EF052F /* 疑问.gif in Resources */ = {isa = PBXBuildFile; fileRef = 35C6DF1B14679FE200EF052F /* 疑问.gif */; };
		35C6DF8814679FE200EF052F /* 白眼.gif in Resources */ = {isa = PBXBuildFile; fileRef = 35C6DF1C14679FE200EF052F /* 白眼.gif */; };
		35C6DF8914679FE200EF052F /* 睡.gif in Resources */ = {isa = PBXBuildFile; fileRef = 35C6DF1D14679FE200EF052F /* 睡.gif */; };
		35C6DF8A14679FE200EF052F /* 磕头.gif in Resources */ = {isa = PBXBuildFile; fileRef = 35C6DF1E14679FE200EF052F /* 磕头.gif */; };
		35C6DF8B14679FE200EF052F /* 示爱.gif in Resources */ = {isa = PBXBuildFile; fileRef = 35C6DF1F14679FE200EF052F /* 示爱.gif */; };
		35C6DF8C14679FE200EF052F /* 礼物.gif in Resources */ = {isa = PBXBuildFile; fileRef = 35C6DF2014679FE200EF052F /* 礼物.gif */; };
		35C6DF8D14679FE200EF052F /* 篮球.gif in Resources */ = {isa = PBXBuildFile; fileRef = 35C6DF2114679FE200EF052F /* 篮球.gif */; };
		35C6DF8E14679FE200EF052F /* 糗大了.gif in Resources */ = {isa = PBXBuildFile; fileRef = 35C6DF2214679FE200EF052F /* 糗大了.gif */; };
		35C6DF8F14679FE200EF052F /* 胜利.gif in Resources */ = {isa = PBXBuildFile; fileRef = 35C6DF2314679FE200EF052F /* 胜利.gif */; };
		35C6DF9014679FE200EF052F /* 色.gif in Resources */ = {isa = PBXBuildFile; fileRef = 35C6DF2414679FE200EF052F /* 色.gif */; };
		35C6DF9114679FE200EF052F /* 菜刀.gif in Resources */ = {isa = PBXBuildFile; fileRef = 35C6DF2514679FE200EF052F /* 菜刀.gif */; };
		35C6DF9214679FE200EF052F /* 蛋糕.gif in Resources */ = {isa = PBXBuildFile; fileRef = 35C6DF2614679FE200EF052F /* 蛋糕.gif */; };
		35C6DF9314679FE200EF052F /* 街舞.gif in Resources */ = {isa = PBXBuildFile; fileRef = 35C6DF2714679FE200EF052F /* 街舞.gif */; };
		35C6DF9414679FE200EF052F /* 衰.gif in Resources */ = {isa = PBXBuildFile; fileRef = 35C6DF2814679FE200EF052F /* 衰.gif */; };
		35C6DF9514679FE200EF052F /* 西瓜.gif in Resources */ = {isa = PBXBuildFile; fileRef = 35C6DF2914679FE200EF052F /* 西瓜.gif */; };
		35C6DF9614679FE200EF052F /* 调皮.gif in Resources */ = {isa = PBXBuildFile; fileRef = 35C6DF2A14679FE200EF052F /* 调皮.gif */; };
		35C6DF9714679FE200EF052F /* 足球.gif in Resources */ = {isa = PBXBuildFile; fileRef = 35C6DF2B14679FE200EF052F /* 足球.gif */; };
		35C6DF9814679FE200EF052F /* 跳绳.gif in Resources */ = {isa = PBXBuildFile; fileRef = 35C6DF2C14679FE200EF052F /* 跳绳.gif */; };
		35C6DF9914679FE200EF052F /* 跳跳.gif in Resources */ = {isa = PBXBuildFile; fileRef = 35C6DF2D14679FE200EF052F /* 跳跳.gif */; };
		35C6DF9A14679FE200EF052F /* 转圈.gif in Resources */ = {isa = PBXBuildFile; fileRef = 35C6DF2E14679FE200EF052F /* 转圈.gif */; };
		35C6DF9B14679FE200EF052F /* 鄙视.gif in Resources */ = {isa = PBXBuildFile; fileRef = 35C6DF2F14679FE200EF052F /* 鄙视.gif */; };
		35C6DF9C14679FE200EF052F /* 酷.gif in Resources */ = {isa = PBXBuildFile; fileRef = 35C6DF3014679FE200EF052F /* 酷.gif */; };
		35C6DF9D14679FE200EF052F /* 闪电.gif in Resources */ = {isa = PBXBuildFile; fileRef = 35C6DF3114679FE200EF052F /* 闪电.gif */; };
		35C6DF9E14679FE200EF052F /* 闭嘴.gif in Resources */ = {isa = PBXBuildFile; fileRef = 35C6DF3214679FE200EF052F /* 闭嘴.gif */; };
		35C6DF9F14679FE200EF052F /* 阴险.gif in Resources */ = {isa = PBXBuildFile; fileRef = 35C6DF3314679FE200EF052F /* 阴险.gif */; };
		35C6DFA014679FE200EF052F /* 难过.gif in Resources */ = {isa = PBXBuildFile; fileRef = 35C6DF3414679FE200EF052F /* 难过.gif */; };
		35C6DFA114679FE200EF052F /* 飞吻.gif in Resources */ = {isa = PBXBuildFile; fileRef = 35C6DF3514679FE200EF052F /* 飞吻.gif */; };
		35C6DFA214679FE200EF052F /* 饥饿.gif in Resources */ = {isa = PBXBuildFile; fileRef = 35C6DF3614679FE200EF052F /* 饥饿.gif */; };
		35C6DFA314679FE200EF052F /* 饭.gif in Resources */ = {isa = PBXBuildFile; fileRef = 35C6DF3714679FE200EF052F /* 饭.gif */; };
		35C6DFA414679FE200EF052F /* 骷髅.gif in Resources */ = {isa = PBXBuildFile; fileRef = 35C6DF3814679FE200EF052F /* 骷髅.gif */; };
		35C6DFA514679FE200EF052F /* 鼓掌.gif in Resources */ = {isa = PBXBuildFile; fileRef = 35C6DF3914679FE200EF052F /* 鼓掌.gif */; };
		35C6DFA614679FE200EF052F /* 龇牙.gif in Resources */ = {isa = PBXBuildFile; fileRef = 35C6DF3A14679FE200EF052F /* 龇牙.gif */; };
		35C6DFAF1467B12700EF052F /* face.plist in Resources */ = {isa = PBXBuildFile; fileRef = 35C6DFAE1467B12700EF052F /* face.plist */; };
		35C947571445397700E895DA /* Growl.framework in Frameworks */ = {isa = PBXBuildFile; fileRef = 35C947561445397700E895DA /* Growl.framework */; };
		35C9475814453A1300E895DA /* Growl.framework in CopyFiles */ = {isa = PBXBuildFile; fileRef = 35C947561445397700E895DA /* Growl.framework */; };
		35D57F0B144AC71A00D071F2 /* sidebar-compose.png in Resources */ = {isa = PBXBuildFile; fileRef = 35D57F0A144AC71A00D071F2 /* sidebar-compose.png */; };
		35D57F19144ACC4200D071F2 /* sidebar-bottom.png in Resources */ = {isa = PBXBuildFile; fileRef = 35D57F18144ACC4200D071F2 /* sidebar-bottom.png */; };
		35D7C01A14397A4B000F82DD /* PXListViewCell.m in Sources */ = {isa = PBXBuildFile; fileRef = 35D7C00514397A4B000F82DD /* PXListViewCell.m */; };
		35D7C01B14397A4B000F82DD /* MyListViewCell.m in Sources */ = {isa = PBXBuildFile; fileRef = 35D7C00914397A4B000F82DD /* MyListViewCell.m */; };
		35D7C01C14397A4B000F82DD /* MyListViewCell.xib in Resources */ = {isa = PBXBuildFile; fileRef = 35D7C00A14397A4B000F82DD /* MyListViewCell.xib */; };
		35D7C01D14397A4B000F82DD /* PXListDocumentView.m in Sources */ = {isa = PBXBuildFile; fileRef = 35D7C00D14397A4B000F82DD /* PXListDocumentView.m */; };
		35D7C01E14397A4B000F82DD /* MMDrawingUtils.m in Sources */ = {isa = PBXBuildFile; fileRef = 35D7C01014397A4B000F82DD /* MMDrawingUtils.m */; };
		35D7C01F14397A4B000F82DD /* MMScroller.m in Sources */ = {isa = PBXBuildFile; fileRef = 35D7C01214397A4B000F82DD /* MMScroller.m */; };
		35D7C02014397A4B000F82DD /* PXListView+UserInteraction.m in Sources */ = {isa = PBXBuildFile; fileRef = 35D7C01514397A4B000F82DD /* PXListView+UserInteraction.m */; };
		35D7C02114397A4B000F82DD /* PXListView.m in Sources */ = {isa = PBXBuildFile; fileRef = 35D7C01714397A4B000F82DD /* PXListView.m */; };
		35D7C02414397B51000F82DD /* MyView.m in Sources */ = {isa = PBXBuildFile; fileRef = 35D7C02314397B51000F82DD /* MyView.m */; };
		35E6366D1448022A00619046 /* weibo_badge.icns in Resources */ = {isa = PBXBuildFile; fileRef = 35E6366C1448022A00619046 /* weibo_badge.icns */; };
		35E636701448437400619046 /* toolbar-reply.png in Resources */ = {isa = PBXBuildFile; fileRef = 35E6366E1448437400619046 /* toolbar-reply.png */; };
		35E636711448437400619046 /* toolbar-addfavor.png in Resources */ = {isa = PBXBuildFile; fileRef = 35E6366F1448437400619046 /* toolbar-addfavor.png */; };
		35E6368614494A2300619046 /* QWViewImageWindowController.m in Sources */ = {isa = PBXBuildFile; fileRef = 35E6368514494A2300619046 /* QWViewImageWindowController.m */; };
		35E6368814494A4900619046 /* QWViewImageWindowController.xib in Resources */ = {isa = PBXBuildFile; fileRef = 35E6368714494A4900619046 /* QWViewImageWindowController.xib */; };
		35E98D3B14287ECF005B9A15 /* NSDate+Categories.m in Sources */ = {isa = PBXBuildFile; fileRef = 35E98D3A14287ECF005B9A15 /* NSDate+Categories.m */; };
		35F0E128144E8268002A9191 /* TextViewPassive.m in Sources */ = {isa = PBXBuildFile; fileRef = 35F0E127144E8268002A9191 /* TextViewPassive.m */; };
		35F0E12B144E877B002A9191 /* ButtonPassive.m in Sources */ = {isa = PBXBuildFile; fileRef = 35F0E12A144E877B002A9191 /* ButtonPassive.m */; };
/* End PBXBuildFile section */

/* Begin PBXContainerItemProxy section */
		3582C8F914651EBB00F47560 /* PBXContainerItemProxy */ = {
			isa = PBXContainerItemProxy;
			containerPortal = 35FA49F714651E52000404EA /* QWeiboSDK.xcodeproj */;
			proxyType = 1;
			remoteGlobalIDString = 3514F0DE1457A0F50054812F;
			remoteInfo = QWeiboSDK;
		};
		35FA49FB14651E53000404EA /* PBXContainerItemProxy */ = {
			isa = PBXContainerItemProxy;
			containerPortal = 35FA49F714651E52000404EA /* QWeiboSDK.xcodeproj */;
			proxyType = 2;
			remoteGlobalIDString = 3514F0DF1457A0F50054812F;
			remoteInfo = QWeiboSDK;
		};
/* End PBXContainerItemProxy section */

/* Begin PBXCopyFilesBuildPhase section */
		359250531426E8D400F164D0 /* CopyFiles */ = {
			isa = PBXCopyFilesBuildPhase;
			buildActionMask = 2147483647;
			dstPath = "";
			dstSubfolderSpec = 10;
			files = (
				3582C8FC14651FAC00F47560 /* QWeiboSDK.framework in CopyFiles */,
				35C9475814453A1300E895DA /* Growl.framework in CopyFiles */,
				357ADA8D14580AFF006CA936 /* YAJL.framework in CopyFiles */,
			);
			runOnlyForDeploymentPostprocessing = 0;
		};
/* End PBXCopyFilesBuildPhase section */

/* Begin PBXFileReference section */
		35019D841468D91100FDEED2 /* ImagePickerMenuItemView.h */ = {isa = PBXFileReference; fileEncoding = 4; lastKnownFileType = sourcecode.c.h; path = ImagePickerMenuItemView.h; sourceTree = "<group>"; };
		35019D851468D91200FDEED2 /* ImagePickerMenuItemView.m */ = {isa = PBXFileReference; fileEncoding = 4; lastKnownFileType = sourcecode.c.objc; path = ImagePickerMenuItemView.m; sourceTree = "<group>"; };
		35019D861468D91200FDEED2 /* MenuItemViewController.h */ = {isa = PBXFileReference; fileEncoding = 4; lastKnownFileType = sourcecode.c.h; path = MenuItemViewController.h; sourceTree = "<group>"; };
		35019D871468D91200FDEED2 /* MenuItemViewController.m */ = {isa = PBXFileReference; fileEncoding = 4; lastKnownFileType = sourcecode.c.objc; path = MenuItemViewController.m; sourceTree = "<group>"; };
		35019D8A1468DB2800FDEED2 /* smileEmoji.png */ = {isa = PBXFileReference; lastKnownFileType = image.png; path = smileEmoji.png; sourceTree = "<group>"; };
		35019D931468F82D00FDEED2 /* MyTextAttachmentCell.h */ = {isa = PBXFileReference; fileEncoding = 4; lastKnownFileType = sourcecode.c.h; path = MyTextAttachmentCell.h; sourceTree = "<group>"; };
		35019D941468F82D00FDEED2 /* MyTextAttachmentCell.m */ = {isa = PBXFileReference; fileEncoding = 4; lastKnownFileType = sourcecode.c.objc; path = MyTextAttachmentCell.m; sourceTree = "<group>"; };
		350713FD14497D100080D041 /* FlippedView.h */ = {isa = PBXFileReference; fileEncoding = 4; lastKnownFileType = sourcecode.c.h; path = FlippedView.h; sourceTree = "<group>"; };
		350713FE14497D100080D041 /* FlippedView.m */ = {isa = PBXFileReference; fileEncoding = 4; lastKnownFileType = sourcecode.c.objc; path = FlippedView.m; sourceTree = "<group>"; };
		3509E845143CACA00053EF3F /* favorite_off.png */ = {isa = PBXFileReference; lastKnownFileType = image.png; path = favorite_off.png; sourceTree = "<group>"; };
		3509E846143CACA00053EF3F /* favorite_on.png */ = {isa = PBXFileReference; lastKnownFileType = image.png; path = favorite_on.png; sourceTree = "<group>"; };
		3509E847143CACA00053EF3F /* mentions_off.png */ = {isa = PBXFileReference; lastKnownFileType = image.png; path = mentions_off.png; sourceTree = "<group>"; };
		3509E848143CACA00053EF3F /* mentions_on.png */ = {isa = PBXFileReference; lastKnownFileType = image.png; path = mentions_on.png; sourceTree = "<group>"; };
		3509E849143CACA00053EF3F /* people_off.png */ = {isa = PBXFileReference; lastKnownFileType = image.png; path = people_off.png; sourceTree = "<group>"; };
		3509E84A143CACA00053EF3F /* people_on.png */ = {isa = PBXFileReference; lastKnownFileType = image.png; path = people_on.png; sourceTree = "<group>"; };
		3509E84B143CACA00053EF3F /* search_off.png */ = {isa = PBXFileReference; lastKnownFileType = image.png; path = search_off.png; sourceTree = "<group>"; };
		3509E84C143CACA00053EF3F /* search_on.png */ = {isa = PBXFileReference; lastKnownFileType = image.png; path = search_on.png; sourceTree = "<group>"; };
		3509E84D143CACA00053EF3F /* timeline_off.png */ = {isa = PBXFileReference; lastKnownFileType = image.png; path = timeline_off.png; sourceTree = "<group>"; };
		3509E84E143CACA00053EF3F /* timeline_on.png */ = {isa = PBXFileReference; lastKnownFileType = image.png; path = timeline_on.png; sourceTree = "<group>"; };
		351140FA14947DE600B0263C /* NIFLog.h */ = {isa = PBXFileReference; fileEncoding = 4; lastKnownFileType = sourcecode.c.h; path = NIFLog.h; sourceTree = "<group>"; };
		3517188E143B035E00DB2726 /* RoundedButtonCell.h */ = {isa = PBXFileReference; fileEncoding = 4; lastKnownFileType = sourcecode.c.h; path = RoundedButtonCell.h; sourceTree = "<group>"; };
		3517188F143B035E00DB2726 /* RoundedButtonCell.m */ = {isa = PBXFileReference; fileEncoding = 4; lastKnownFileType = sourcecode.c.objc; path = RoundedButtonCell.m; sourceTree = "<group>"; };
		35263AA7140F1F4800944D3E /* Dandelion.app */ = {isa = PBXFileReference; explicitFileType = wrapper.application; includeInIndex = 0; path = Dandelion.app; sourceTree = BUILT_PRODUCTS_DIR; };
		35263AAB140F1F4800944D3E /* Cocoa.framework */ = {isa = PBXFileReference; lastKnownFileType = wrapper.framework; name = Cocoa.framework; path = System/Library/Frameworks/Cocoa.framework; sourceTree = SDKROOT; };
		35263AAE140F1F4800944D3E /* AppKit.framework */ = {isa = PBXFileReference; lastKnownFileType = wrapper.framework; name = AppKit.framework; path = System/Library/Frameworks/AppKit.framework; sourceTree = SDKROOT; };
		35263AAF140F1F4800944D3E /* CoreData.framework */ = {isa = PBXFileReference; lastKnownFileType = wrapper.framework; name = CoreData.framework; path = System/Library/Frameworks/CoreData.framework; sourceTree = SDKROOT; };
		35263AB0140F1F4800944D3E /* Foundation.framework */ = {isa = PBXFileReference; lastKnownFileType = wrapper.framework; name = Foundation.framework; path = System/Library/Frameworks/Foundation.framework; sourceTree = SDKROOT; };
		35263AB3140F1F4800944D3E /* QWeiboClient-Info.plist */ = {isa = PBXFileReference; lastKnownFileType = text.plist.xml; path = "QWeiboClient-Info.plist"; sourceTree = "<group>"; };
		35263AB5140F1F4800944D3E /* en */ = {isa = PBXFileReference; lastKnownFileType = text.plist.strings; name = en; path = en.lproj/InfoPlist.strings; sourceTree = "<group>"; };
		35263AB7140F1F4800944D3E /* main.m */ = {isa = PBXFileReference; lastKnownFileType = sourcecode.c.objc; path = main.m; sourceTree = "<group>"; };
		35263AB9140F1F4800944D3E /* Dandelion-Prefix.pch */ = {isa = PBXFileReference; lastKnownFileType = sourcecode.c.h; path = "Dandelion-Prefix.pch"; sourceTree = "<group>"; };
		35263ABB140F1F4800944D3E /* en */ = {isa = PBXFileReference; lastKnownFileType = text.rtf; name = en; path = en.lproj/Credits.rtf; sourceTree = "<group>"; };
		35263ABD140F1F4800944D3E /* AppDelegate.h */ = {isa = PBXFileReference; lastKnownFileType = sourcecode.c.h; path = AppDelegate.h; sourceTree = "<group>"; };
		35263ABE140F1F4800944D3E /* AppDelegate.m */ = {isa = PBXFileReference; lastKnownFileType = sourcecode.c.objc; path = AppDelegate.m; sourceTree = "<group>"; };
		35263AC1140F1F4800944D3E /* en */ = {isa = PBXFileReference; lastKnownFileType = file.xib; name = en; path = en.lproj/MainMenu.xib; sourceTree = "<group>"; };
		35263ACB140F1F9800944D3E /* QWMainWindowController.h */ = {isa = PBXFileReference; fileEncoding = 4; lastKnownFileType = sourcecode.c.h; path = QWMainWindowController.h; sourceTree = "<group>"; };
		35263ACC140F1F9800944D3E /* QWMainWindowController.m */ = {isa = PBXFileReference; fileEncoding = 4; lastKnownFileType = sourcecode.c.objc; path = QWMainWindowController.m; sourceTree = "<group>"; };
		35263ADB140F22A500944D3E /* QWMainWindowController.xib */ = {isa = PBXFileReference; fileEncoding = 4; lastKnownFileType = file.xib; path = QWMainWindowController.xib; sourceTree = "<group>"; };
		352A7D0B140F308C00F3E6B3 /* QWConstants.h */ = {isa = PBXFileReference; fileEncoding = 4; lastKnownFileType = sourcecode.c.h; path = QWConstants.h; sourceTree = "<group>"; };
		352A7D5C140F5C5B00F3E6B3 /* WebKit.framework */ = {isa = PBXFileReference; lastKnownFileType = wrapper.framework; name = WebKit.framework; path = System/Library/Frameworks/WebKit.framework; sourceTree = SDKROOT; };
		352EE05A1441314500AB7913 /* weibo.icns */ = {isa = PBXFileReference; lastKnownFileType = image.icns; name = weibo.icns; path = ../../weibo.icns; sourceTree = "<group>"; };
		352EE05C14413F3D00AB7913 /* NSScrollView+Categories.h */ = {isa = PBXFileReference; fileEncoding = 4; lastKnownFileType = sourcecode.c.h; path = "NSScrollView+Categories.h"; sourceTree = "<group>"; };
		352EE05D14413F3D00AB7913 /* NSScrollView+Categories.m */ = {isa = PBXFileReference; fileEncoding = 4; lastKnownFileType = sourcecode.c.objc; path = "NSScrollView+Categories.m"; sourceTree = "<group>"; };
		352EE0691441457300AB7913 /* ListViewEndCell.h */ = {isa = PBXFileReference; fileEncoding = 4; lastKnownFileType = sourcecode.c.h; path = ListViewEndCell.h; sourceTree = "<group>"; };
		352EE06A1441457300AB7913 /* ListViewEndCell.m */ = {isa = PBXFileReference; fileEncoding = 4; lastKnownFileType = sourcecode.c.objc; path = ListViewEndCell.m; sourceTree = "<group>"; };
		352EE06C1441458200AB7913 /* ListViewEndCell.xib */ = {isa = PBXFileReference; fileEncoding = 4; lastKnownFileType = file.xib; path = ListViewEndCell.xib; sourceTree = "<group>"; };
		352EE0771441916700AB7913 /* end.png */ = {isa = PBXFileReference; lastKnownFileType = image.png; path = end.png; sourceTree = "<group>"; };
		353C6C5C144BCAC400E67DE4 /* ScrollViewPassive.h */ = {isa = PBXFileReference; fileEncoding = 4; lastKnownFileType = sourcecode.c.h; path = ScrollViewPassive.h; sourceTree = "<group>"; };
		353C6C5D144BCAC400E67DE4 /* ScrollViewPassive.m */ = {isa = PBXFileReference; fileEncoding = 4; lastKnownFileType = sourcecode.c.objc; path = ScrollViewPassive.m; sourceTree = "<group>"; };
		353C6C71144BD3A900E67DE4 /* NS(Attributed)String+Geometrics.h */ = {isa = PBXFileReference; fileEncoding = 4; lastKnownFileType = sourcecode.c.h; path = "NS(Attributed)String+Geometrics.h"; sourceTree = "<group>"; };
		353C6C72144BD3A900E67DE4 /* NS(Attributed)String+Geometrics.m */ = {isa = PBXFileReference; fileEncoding = 4; lastKnownFileType = sourcecode.c.objc; path = "NS(Attributed)String+Geometrics.m"; sourceTree = "<group>"; };
		353C6CC4144C537200E67DE4 /* blackx.png */ = {isa = PBXFileReference; lastKnownFileType = image.png; path = blackx.png; sourceTree = "<group>"; };
		354A8E8D144DC4290012D2BD /* NSImage+Categories.h */ = {isa = PBXFileReference; fileEncoding = 4; lastKnownFileType = sourcecode.c.h; path = "NSImage+Categories.h"; sourceTree = "<group>"; };
		354A8E8E144DC4290012D2BD /* NSImage+Categories.m */ = {isa = PBXFileReference; fileEncoding = 4; lastKnownFileType = sourcecode.c.objc; path = "NSImage+Categories.m"; sourceTree = "<group>"; };
		357ADA8A14580AF4006CA936 /* YAJL.framework */ = {isa = PBXFileReference; lastKnownFileType = wrapper.framework; name = YAJL.framework; path = QWeiboClient/Frameworks/YAJL.framework; sourceTree = "<group>"; };
		35809B3E1443D1FC00CB02C2 /* QWTweetViewController.h */ = {isa = PBXFileReference; fileEncoding = 4; lastKnownFileType = sourcecode.c.h; path = QWTweetViewController.h; sourceTree = "<group>"; };
		35809B3F1443D1FC00CB02C2 /* QWTweetViewController.m */ = {isa = PBXFileReference; fileEncoding = 4; lastKnownFileType = sourcecode.c.objc; path = QWTweetViewController.m; sourceTree = "<group>"; };
		35809B401443D1FC00CB02C2 /* QWTweetViewController.xib */ = {isa = PBXFileReference; fileEncoding = 4; lastKnownFileType = file.xib; path = QWTweetViewController.xib; sourceTree = "<group>"; };
		35809B6C1444229F00CB02C2 /* status_on.png */ = {isa = PBXFileReference; lastKnownFileType = image.png; path = status_on.png; sourceTree = "<group>"; };
		35809B6D1444229F00CB02C2 /* status_off.png */ = {isa = PBXFileReference; lastKnownFileType = image.png; path = status_off.png; sourceTree = "<group>"; };
		35809B701444441000CB02C2 /* blue_dot.png */ = {isa = PBXFileReference; lastKnownFileType = image.png; path = blue_dot.png; sourceTree = "<group>"; };
		3583177C144AB9AC0057A1FE /* DragDropImageView.h */ = {isa = PBXFileReference; fileEncoding = 4; lastKnownFileType = sourcecode.c.h; path = DragDropImageView.h; sourceTree = "<group>"; };
		3583177D144AB9AD0057A1FE /* DragDropImageView.m */ = {isa = PBXFileReference; fileEncoding = 4; lastKnownFileType = sourcecode.c.objc; path = DragDropImageView.m; sourceTree = "<group>"; };
		359E5EBB144D6E14009E5ADC /* head.jpg */ = {isa = PBXFileReference; lastKnownFileType = image.jpeg; path = head.jpg; sourceTree = "<group>"; };
		359E5EBD144D7C80009E5ADC /* badge-favorite.png */ = {isa = PBXFileReference; lastKnownFileType = image.png; path = "badge-favorite.png"; sourceTree = "<group>"; };
		35B12EAF141FAF3000F963FC /* ToolboxView.h */ = {isa = PBXFileReference; fileEncoding = 4; lastKnownFileType = sourcecode.c.h; path = ToolboxView.h; sourceTree = "<group>"; };
		35B12EB0141FAF3000F963FC /* ToolboxView.m */ = {isa = PBXFileReference; fileEncoding = 4; lastKnownFileType = sourcecode.c.objc; path = ToolboxView.m; sourceTree = "<group>"; };
		35B12EB2141FB18F00F963FC /* QWVerifyWindowController.h */ = {isa = PBXFileReference; fileEncoding = 4; lastKnownFileType = sourcecode.c.h; path = QWVerifyWindowController.h; sourceTree = "<group>"; };
		35B12EB3141FB18F00F963FC /* QWVerifyWindowController.m */ = {isa = PBXFileReference; fileEncoding = 4; lastKnownFileType = sourcecode.c.objc; path = QWVerifyWindowController.m; sourceTree = "<group>"; };
		35B12EB5141FB1A300F963FC /* QWVerifyWindowController.xib */ = {isa = PBXFileReference; fileEncoding = 4; lastKnownFileType = file.xib; path = QWVerifyWindowController.xib; sourceTree = "<group>"; };
		35B61E48143E85630001741D /* NSObject+Universal.h */ = {isa = PBXFileReference; fileEncoding = 4; lastKnownFileType = sourcecode.c.h; path = "NSObject+Universal.h"; sourceTree = "<group>"; };
		35B61E49143E85630001741D /* NSObject+Universal.m */ = {isa = PBXFileReference; fileEncoding = 4; lastKnownFileType = sourcecode.c.objc; path = "NSObject+Universal.m"; sourceTree = "<group>"; };
		35B61E54143EE1780001741D /* messages_off.png */ = {isa = PBXFileReference; lastKnownFileType = image.png; path = messages_off.png; sourceTree = "<group>"; };
		35B61E55143EE1780001741D /* messages_on.png */ = {isa = PBXFileReference; lastKnownFileType = image.png; path = messages_on.png; sourceTree = "<group>"; };
		35B61E65143EF13C0001741D /* QWPublishMessageWindowController.h */ = {isa = PBXFileReference; fileEncoding = 4; lastKnownFileType = sourcecode.c.h; path = QWPublishMessageWindowController.h; sourceTree = "<group>"; };
		35B61E66143EF13D0001741D /* QWPublishMessageWindowController.m */ = {isa = PBXFileReference; fileEncoding = 4; lastKnownFileType = sourcecode.c.objc; path = QWPublishMessageWindowController.m; sourceTree = "<group>"; };
		35B61E68143EF1540001741D /* QWPublishMessageWindowController.xib */ = {isa = PBXFileReference; fileEncoding = 4; lastKnownFileType = file.xib; path = QWPublishMessageWindowController.xib; sourceTree = "<group>"; };
		35C6DECF14679FE200EF052F /* e307.gif */ = {isa = PBXFileReference; lastKnownFileType = image.gif; path = e307.gif; sourceTree = "<group>"; };
		35C6DED014679FE200EF052F /* e609.gif */ = {isa = PBXFileReference; lastKnownFileType = image.gif; path = e609.gif; sourceTree = "<group>"; };
		35C6DED114679FE200EF052F /* no.gif */ = {isa = PBXFileReference; lastKnownFileType = image.gif; path = no.gif; sourceTree = "<group>"; };
		35C6DED214679FE200EF052F /* ok.gif */ = {isa = PBXFileReference; lastKnownFileType = image.gif; path = ok.gif; sourceTree = "<group>"; };
		35C6DED314679FE200EF052F /* wennuan.png */ = {isa = PBXFileReference; lastKnownFileType = image.png; path = wennuan.png; sourceTree = "<group>"; };
		35C6DED414679FE200EF052F /* 乒乓.gif */ = {isa = PBXFileReference; lastKnownFileType = image.gif; path = "乒乓.gif"; sourceTree = "<group>"; };
		35C6DED514679FE200EF052F /* 亲亲.gif */ = {isa = PBXFileReference; lastKnownFileType = image.gif; path = "亲亲.gif"; sourceTree = "<group>"; };
		35C6DED614679FE200EF052F /* 便便.gif */ = {isa = PBXFileReference; lastKnownFileType = image.gif; path = "便便.gif"; sourceTree = "<group>"; };
		35C6DED714679FE200EF052F /* 偷笑.gif */ = {isa = PBXFileReference; lastKnownFileType = image.gif; path = "偷笑.gif"; sourceTree = "<group>"; };
		35C6DED814679FE200EF052F /* 傲慢.gif */ = {isa = PBXFileReference; lastKnownFileType = image.gif; path = "傲慢.gif"; sourceTree = "<group>"; };
		35C6DED914679FE200EF052F /* 再见.gif */ = {isa = PBXFileReference; lastKnownFileType = image.gif; path = "再见.gif"; sourceTree = "<group>"; };
		35C6DEDA14679FE200EF052F /* 冷汗.gif */ = {isa = PBXFileReference; lastKnownFileType = image.gif; path = "冷汗.gif"; sourceTree = "<group>"; };
		35C6DEDB14679FE200EF052F /* 凋谢.gif */ = {isa = PBXFileReference; lastKnownFileType = image.gif; path = "凋谢.gif"; sourceTree = "<group>"; };
		35C6DEDC14679FE200EF052F /* 刀.gif */ = {isa = PBXFileReference; lastKnownFileType = image.gif; path = "刀.gif"; sourceTree = "<group>"; };
		35C6DEDD14679FE200EF052F /* 勾引.gif */ = {isa = PBXFileReference; lastKnownFileType = image.gif; path = "勾引.gif"; sourceTree = "<group>"; };
		35C6DEDE14679FE200EF052F /* 发呆.gif */ = {isa = PBXFileReference; lastKnownFileType = image.gif; path = "发呆.gif"; sourceTree = "<group>"; };
		35C6DEDF14679FE200EF052F /* 发怒.gif */ = {isa = PBXFileReference; lastKnownFileType = image.gif; path = "发怒.gif"; sourceTree = "<group>"; };
		35C6DEE014679FE200EF052F /* 发抖.gif */ = {isa = PBXFileReference; lastKnownFileType = image.gif; path = "发抖.gif"; sourceTree = "<group>"; };
		35C6DEE114679FE200EF052F /* 可怜.gif */ = {isa = PBXFileReference; lastKnownFileType = image.gif; path = "可怜.gif"; sourceTree = "<group>"; };
		35C6DEE214679FE200EF052F /* 可爱.gif */ = {isa = PBXFileReference; lastKnownFileType = image.gif; path = "可爱.gif"; sourceTree = "<group>"; };
		35C6DEE314679FE200EF052F /* 右哼哼.gif */ = {isa = PBXFileReference; lastKnownFileType = image.gif; path = "右哼哼.gif"; sourceTree = "<group>"; };
		35C6DEE414679FE200EF052F /* 右太极.gif */ = {isa = PBXFileReference; lastKnownFileType = image.gif; path = "右太极.gif"; sourceTree = "<group>"; };
		35C6DEE514679FE200EF052F /* 吐.gif */ = {isa = PBXFileReference; lastKnownFileType = image.gif; path = "吐.gif"; sourceTree = "<group>"; };
		35C6DEE614679FE200EF052F /* 吓.gif */ = {isa = PBXFileReference; lastKnownFileType = image.gif; path = "吓.gif"; sourceTree = "<group>"; };
		35C6DEE714679FE200EF052F /* 咒骂.gif */ = {isa = PBXFileReference; lastKnownFileType = image.gif; path = "咒骂.gif"; sourceTree = "<group>"; };
		35C6DEE814679FE200EF052F /* 咖啡.gif */ = {isa = PBXFileReference; lastKnownFileType = image.gif; path = "咖啡.gif"; sourceTree = "<group>"; };
		35C6DEE914679FE200EF052F /* 哈欠.gif */ = {isa = PBXFileReference; lastKnownFileType = image.gif; path = "哈欠.gif"; sourceTree = "<group>"; };
		35C6DEEA14679FE200EF052F /* 啤酒.gif */ = {isa = PBXFileReference; lastKnownFileType = image.gif; path = "啤酒.gif"; sourceTree = "<group>"; };
		35C6DEEB14679FE200EF052F /* 嘘.gif */ = {isa = PBXFileReference; lastKnownFileType = image.gif; path = "嘘.gif"; sourceTree = "<group>"; };
		35C6DEEC14679FE200EF052F /* 回头.gif */ = {isa = PBXFileReference; lastKnownFileType = image.gif; path = "回头.gif"; sourceTree = "<group>"; };
		35C6DEED14679FE200EF052F /* 困.gif */ = {isa = PBXFileReference; lastKnownFileType = image.gif; path = "困.gif"; sourceTree = "<group>"; };
		35C6DEEE14679FE200EF052F /* 坏笑.gif */ = {isa = PBXFileReference; lastKnownFileType = image.gif; path = "坏笑.gif"; sourceTree = "<group>"; };
		35C6DEEF14679FE200EF052F /* 大兵.gif */ = {isa = PBXFileReference; lastKnownFileType = image.gif; path = "大兵.gif"; sourceTree = "<group>"; };
		35C6DEF014679FE200EF052F /* 大哭.gif */ = {isa = PBXFileReference; lastKnownFileType = image.gif; path = "大哭.gif"; sourceTree = "<group>"; };
		35C6DEF114679FE200EF052F /* 太阳.gif */ = {isa = PBXFileReference; lastKnownFileType = image.gif; path = "太阳.gif"; sourceTree = "<group>"; };
		35C6DEF214679FE200EF052F /* 奋斗.gif */ = {isa = PBXFileReference; lastKnownFileType = image.gif; path = "奋斗.gif"; sourceTree = "<group>"; };
		35C6DEF314679FE200EF052F /* 委屈.gif */ = {isa = PBXFileReference; lastKnownFileType = image.gif; path = "委屈.gif"; sourceTree = "<group>"; };
		35C6DEF414679FE200EF052F /* 害羞.gif */ = {isa = PBXFileReference; lastKnownFileType = image.gif; path = "害羞.gif"; sourceTree = "<group>"; };
		35C6DEF514679FE200EF052F /* 尴尬.gif */ = {isa = PBXFileReference; lastKnownFileType = image.gif; path = "尴尬.gif"; sourceTree = "<group>"; };
		35C6DEF614679FE200EF052F /* 左哼哼.gif */ = {isa = PBXFileReference; lastKnownFileType = image.gif; path = "左哼哼.gif"; sourceTree = "<group>"; };
		35C6DEF714679FE200EF052F /* 左太极.gif */ = {isa = PBXFileReference; lastKnownFileType = image.gif; path = "左太极.gif"; sourceTree = "<group>"; };
		35C6DEF814679FE200EF052F /* 差劲.gif */ = {isa = PBXFileReference; lastKnownFileType = image.gif; path = "差劲.gif"; sourceTree = "<group>"; };
		35C6DEF914679FE200EF052F /* 弱.gif */ = {isa = PBXFileReference; lastKnownFileType = image.gif; path = "弱.gif"; sourceTree = "<group>"; };
		35C6DEFA14679FE200EF052F /* 强.gif */ = {isa = PBXFileReference; lastKnownFileType = image.gif; path = "强.gif"; sourceTree = "<group>"; };
		35C6DEFB14679FE200EF052F /* 得意.gif */ = {isa = PBXFileReference; lastKnownFileType = image.gif; path = "得意.gif"; sourceTree = "<group>"; };
		35C6DEFC14679FE200EF052F /* 微笑.gif */ = {isa = PBXFileReference; lastKnownFileType = image.gif; path = "微笑.gif"; sourceTree = "<group>"; };
		35C6DEFD14679FE200EF052F /* 心碎.gif */ = {isa = PBXFileReference; lastKnownFileType = image.gif; path = "心碎.gif"; sourceTree = "<group>"; };
		35C6DEFE14679FE200EF052F /* 快哭了.gif */ = {isa = PBXFileReference; lastKnownFileType = image.gif; path = "快哭了.gif"; sourceTree = "<group>"; };
		35C6DEFF14679FE200EF052F /* 怄火.gif */ = {isa = PBXFileReference; lastKnownFileType = image.gif; path = "怄火.gif"; sourceTree = "<group>"; };
		35C6DF0014679FE200EF052F /* 惊恐.gif */ = {isa = PBXFileReference; lastKnownFileType = image.gif; path = "惊恐.gif"; sourceTree = "<group>"; };
		35C6DF0114679FE200EF052F /* 惊讶.gif */ = {isa = PBXFileReference; lastKnownFileType = image.gif; path = "惊讶.gif"; sourceTree = "<group>"; };
		35C6DF0214679FE200EF052F /* 憨笑.gif */ = {isa = PBXFileReference; lastKnownFileType = image.gif; path = "憨笑.gif"; sourceTree = "<group>"; };
		35C6DF0314679FE200EF052F /* 抓狂.gif */ = {isa = PBXFileReference; lastKnownFileType = image.gif; path = "抓狂.gif"; sourceTree = "<group>"; };
		35C6DF0414679FE200EF052F /* 折磨.gif */ = {isa = PBXFileReference; lastKnownFileType = image.gif; path = "折磨.gif"; sourceTree = "<group>"; };
		35C6DF0514679FE200EF052F /* 抠鼻.gif */ = {isa = PBXFileReference; lastKnownFileType = image.gif; path = "抠鼻.gif"; sourceTree = "<group>"; };
		35C6DF0614679FE200EF052F /* 抱拳.gif */ = {isa = PBXFileReference; lastKnownFileType = image.gif; path = "抱拳.gif"; sourceTree = "<group>"; };
		35C6DF0714679FE200EF052F /* 拥抱.gif */ = {isa = PBXFileReference; lastKnownFileType = image.gif; path = "拥抱.gif"; sourceTree = "<group>"; };
		35C6DF0814679FE200EF052F /* 拳头.gif */ = {isa = PBXFileReference; lastKnownFileType = image.gif; path = "拳头.gif"; sourceTree = "<group>"; };
		35C6DF0914679FE200EF052F /* 挥手.gif */ = {isa = PBXFileReference; lastKnownFileType = image.gif; path = "挥手.gif"; sourceTree = "<group>"; };
		35C6DF0A14679FE200EF052F /* 握手.gif */ = {isa = PBXFileReference; lastKnownFileType = image.gif; path = "握手.gif"; sourceTree = "<group>"; };
		35C6DF0B14679FE200EF052F /* 撇嘴.gif */ = {isa = PBXFileReference; lastKnownFileType = image.gif; path = "撇嘴.gif"; sourceTree = "<group>"; };
		35C6DF0C14679FE200EF052F /* 擦汗.gif */ = {isa = PBXFileReference; lastKnownFileType = image.gif; path = "擦汗.gif"; sourceTree = "<group>"; };
		35C6DF0D14679FE200EF052F /* 敲打.gif */ = {isa = PBXFileReference; lastKnownFileType = image.gif; path = "敲打.gif"; sourceTree = "<group>"; };
		35C6DF0E14679FE200EF052F /* 晕.gif */ = {isa = PBXFileReference; lastKnownFileType = image.gif; path = "晕.gif"; sourceTree = "<group>"; };
		35C6DF0F14679FE200EF052F /* 月亮.gif */ = {isa = PBXFileReference; lastKnownFileType = image.gif; path = "月亮.gif"; sourceTree = "<group>"; };
		35C6DF1014679FE200EF052F /* 流汗.gif */ = {isa = PBXFileReference; lastKnownFileType = image.gif; path = "流汗.gif"; sourceTree = "<group>"; };
		35C6DF1114679FE200EF052F /* 流泪.gif */ = {isa = PBXFileReference; lastKnownFileType = image.gif; path = "流泪.gif"; sourceTree = "<group>"; };
		35C6DF1214679FE200EF052F /* 激动.gif */ = {isa = PBXFileReference; lastKnownFileType = image.gif; path = "激动.gif"; sourceTree = "<group>"; };
		35C6DF1314679FE200EF052F /* 炸弹.gif */ = {isa = PBXFileReference; lastKnownFileType = image.gif; path = "炸弹.gif"; sourceTree = "<group>"; };
		35C6DF1414679FE200EF052F /* 爱你.gif */ = {isa = PBXFileReference; lastKnownFileType = image.gif; path = "爱你.gif"; sourceTree = "<group>"; };
		35C6DF1514679FE200EF052F /* 爱心.gif */ = {isa = PBXFileReference; lastKnownFileType = image.gif; path = "爱心.gif"; sourceTree = "<group>"; };
		35C6DF1614679FE200EF052F /* 爱情.gif */ = {isa = PBXFileReference; lastKnownFileType = image.gif; path = "爱情.gif"; sourceTree = "<group>"; };
		35C6DF1714679FE200EF052F /* 猪头.gif */ = {isa = PBXFileReference; lastKnownFileType = image.gif; path = "猪头.gif"; sourceTree = "<group>"; };
		35C6DF1814679FE200EF052F /* 献吻.gif */ = {isa = PBXFileReference; lastKnownFileType = image.gif; path = "献吻.gif"; sourceTree = "<group>"; };
		35C6DF1914679FE200EF052F /* 玫瑰.gif */ = {isa = PBXFileReference; lastKnownFileType = image.gif; path = "玫瑰.gif"; sourceTree = "<group>"; };
		35C6DF1A14679FE200EF052F /* 瓢虫.gif */ = {isa = PBXFileReference; lastKnownFileType = image.gif; path = "瓢虫.gif"; sourceTree = "<group>"; };
		35C6DF1B14679FE200EF052F /* 疑问.gif */ = {isa = PBXFileReference; lastKnownFileType = image.gif; path = "疑问.gif"; sourceTree = "<group>"; };
		35C6DF1C14679FE200EF052F /* 白眼.gif */ = {isa = PBXFileReference; lastKnownFileType = image.gif; path = "白眼.gif"; sourceTree = "<group>"; };
		35C6DF1D14679FE200EF052F /* 睡.gif */ = {isa = PBXFileReference; lastKnownFileType = image.gif; path = "睡.gif"; sourceTree = "<group>"; };
		35C6DF1E14679FE200EF052F /* 磕头.gif */ = {isa = PBXFileReference; lastKnownFileType = image.gif; path = "磕头.gif"; sourceTree = "<group>"; };
		35C6DF1F14679FE200EF052F /* 示爱.gif */ = {isa = PBXFileReference; lastKnownFileType = image.gif; path = "示爱.gif"; sourceTree = "<group>"; };
		35C6DF2014679FE200EF052F /* 礼物.gif */ = {isa = PBXFileReference; lastKnownFileType = image.gif; path = "礼物.gif"; sourceTree = "<group>"; };
		35C6DF2114679FE200EF052F /* 篮球.gif */ = {isa = PBXFileReference; lastKnownFileType = image.gif; path = "篮球.gif"; sourceTree = "<group>"; };
		35C6DF2214679FE200EF052F /* 糗大了.gif */ = {isa = PBXFileReference; lastKnownFileType = image.gif; path = "糗大了.gif"; sourceTree = "<group>"; };
		35C6DF2314679FE200EF052F /* 胜利.gif */ = {isa = PBXFileReference; lastKnownFileType = image.gif; path = "胜利.gif"; sourceTree = "<group>"; };
		35C6DF2414679FE200EF052F /* 色.gif */ = {isa = PBXFileReference; lastKnownFileType = image.gif; path = "色.gif"; sourceTree = "<group>"; };
		35C6DF2514679FE200EF052F /* 菜刀.gif */ = {isa = PBXFileReference; lastKnownFileType = image.gif; path = "菜刀.gif"; sourceTree = "<group>"; };
		35C6DF2614679FE200EF052F /* 蛋糕.gif */ = {isa = PBXFileReference; lastKnownFileType = image.gif; path = "蛋糕.gif"; sourceTree = "<group>"; };
		35C6DF2714679FE200EF052F /* 街舞.gif */ = {isa = PBXFileReference; lastKnownFileType = image.gif; path = "街舞.gif"; sourceTree = "<group>"; };
		35C6DF2814679FE200EF052F /* 衰.gif */ = {isa = PBXFileReference; lastKnownFileType = image.gif; path = "衰.gif"; sourceTree = "<group>"; };
		35C6DF2914679FE200EF052F /* 西瓜.gif */ = {isa = PBXFileReference; lastKnownFileType = image.gif; path = "西瓜.gif"; sourceTree = "<group>"; };
		35C6DF2A14679FE200EF052F /* 调皮.gif */ = {isa = PBXFileReference; lastKnownFileType = image.gif; path = "调皮.gif"; sourceTree = "<group>"; };
		35C6DF2B14679FE200EF052F /* 足球.gif */ = {isa = PBXFileReference; lastKnownFileType = image.gif; path = "足球.gif"; sourceTree = "<group>"; };
		35C6DF2C14679FE200EF052F /* 跳绳.gif */ = {isa = PBXFileReference; lastKnownFileType = image.gif; path = "跳绳.gif"; sourceTree = "<group>"; };
		35C6DF2D14679FE200EF052F /* 跳跳.gif */ = {isa = PBXFileReference; lastKnownFileType = image.gif; path = "跳跳.gif"; sourceTree = "<group>"; };
		35C6DF2E14679FE200EF052F /* 转圈.gif */ = {isa = PBXFileReference; lastKnownFileType = image.gif; path = "转圈.gif"; sourceTree = "<group>"; };
		35C6DF2F14679FE200EF052F /* 鄙视.gif */ = {isa = PBXFileReference; lastKnownFileType = image.gif; path = "鄙视.gif"; sourceTree = "<group>"; };
		35C6DF3014679FE200EF052F /* 酷.gif */ = {isa = PBXFileReference; lastKnownFileType = image.gif; path = "酷.gif"; sourceTree = "<group>"; };
		35C6DF3114679FE200EF052F /* 闪电.gif */ = {isa = PBXFileReference; lastKnownFileType = image.gif; path = "闪电.gif"; sourceTree = "<group>"; };
		35C6DF3214679FE200EF052F /* 闭嘴.gif */ = {isa = PBXFileReference; lastKnownFileType = image.gif; path = "闭嘴.gif"; sourceTree = "<group>"; };
		35C6DF3314679FE200EF052F /* 阴险.gif */ = {isa = PBXFileReference; lastKnownFileType = image.gif; path = "阴险.gif"; sourceTree = "<group>"; };
		35C6DF3414679FE200EF052F /* 难过.gif */ = {isa = PBXFileReference; lastKnownFileType = image.gif; path = "难过.gif"; sourceTree = "<group>"; };
		35C6DF3514679FE200EF052F /* 飞吻.gif */ = {isa = PBXFileReference; lastKnownFileType = image.gif; path = "飞吻.gif"; sourceTree = "<group>"; };
		35C6DF3614679FE200EF052F /* 饥饿.gif */ = {isa = PBXFileReference; lastKnownFileType = image.gif; path = "饥饿.gif"; sourceTree = "<group>"; };
		35C6DF3714679FE200EF052F /* 饭.gif */ = {isa = PBXFileReference; lastKnownFileType = image.gif; path = "饭.gif"; sourceTree = "<group>"; };
		35C6DF3814679FE200EF052F /* 骷髅.gif */ = {isa = PBXFileReference; lastKnownFileType = image.gif; path = "骷髅.gif"; sourceTree = "<group>"; };
		35C6DF3914679FE200EF052F /* 鼓掌.gif */ = {isa = PBXFileReference; lastKnownFileType = image.gif; path = "鼓掌.gif"; sourceTree = "<group>"; };
		35C6DF3A14679FE200EF052F /* 龇牙.gif */ = {isa = PBXFileReference; lastKnownFileType = image.gif; path = "龇牙.gif"; sourceTree = "<group>"; };
		35C6DFAE1467B12700EF052F /* face.plist */ = {isa = PBXFileReference; fileEncoding = 4; lastKnownFileType = text.plist.xml; path = face.plist; sourceTree = "<group>"; };
		35C947561445397700E895DA /* Growl.framework */ = {isa = PBXFileReference; lastKnownFileType = wrapper.framework; name = Growl.framework; path = QWeiboClient/Frameworks/Growl.framework; sourceTree = "<group>"; };
		35D57F0A144AC71A00D071F2 /* sidebar-compose.png */ = {isa = PBXFileReference; lastKnownFileType = image.png; path = "sidebar-compose.png"; sourceTree = "<group>"; };
		35D57F18144ACC4200D071F2 /* sidebar-bottom.png */ = {isa = PBXFileReference; lastKnownFileType = image.png; path = "sidebar-bottom.png"; sourceTree = "<group>"; };
		35D7C00314397A4B000F82DD /* PXListViewCell+Private.h */ = {isa = PBXFileReference; fileEncoding = 4; lastKnownFileType = sourcecode.c.h; path = "PXListViewCell+Private.h"; sourceTree = "<group>"; };
		35D7C00414397A4B000F82DD /* PXListViewCell.h */ = {isa = PBXFileReference; fileEncoding = 4; lastKnownFileType = sourcecode.c.h; path = PXListViewCell.h; sourceTree = "<group>"; };
		35D7C00514397A4B000F82DD /* PXListViewCell.m */ = {isa = PBXFileReference; fileEncoding = 4; lastKnownFileType = sourcecode.c.objc; path = PXListViewCell.m; sourceTree = "<group>"; };
		35D7C00614397A4B000F82DD /* PXListViewDropHighlight.h */ = {isa = PBXFileReference; fileEncoding = 4; lastKnownFileType = sourcecode.c.h; path = PXListViewDropHighlight.h; sourceTree = "<group>"; };
		35D7C00814397A4B000F82DD /* MyListViewCell.h */ = {isa = PBXFileReference; fileEncoding = 4; lastKnownFileType = sourcecode.c.h; path = MyListViewCell.h; sourceTree = "<group>"; };
		35D7C00914397A4B000F82DD /* MyListViewCell.m */ = {isa = PBXFileReference; fileEncoding = 4; lastKnownFileType = sourcecode.c.objc; path = MyListViewCell.m; sourceTree = "<group>"; };
		35D7C00A14397A4B000F82DD /* MyListViewCell.xib */ = {isa = PBXFileReference; fileEncoding = 4; lastKnownFileType = file.xib; path = MyListViewCell.xib; sourceTree = "<group>"; };
		35D7C00C14397A4B000F82DD /* PXListDocumentView.h */ = {isa = PBXFileReference; fileEncoding = 4; lastKnownFileType = sourcecode.c.h; path = PXListDocumentView.h; sourceTree = "<group>"; };
		35D7C00D14397A4B000F82DD /* PXListDocumentView.m */ = {isa = PBXFileReference; fileEncoding = 4; lastKnownFileType = sourcecode.c.objc; path = PXListDocumentView.m; sourceTree = "<group>"; };
		35D7C00F14397A4B000F82DD /* MMDrawingUtils.h */ = {isa = PBXFileReference; fileEncoding = 4; lastKnownFileType = sourcecode.c.h; path = MMDrawingUtils.h; sourceTree = "<group>"; };
		35D7C01014397A4B000F82DD /* MMDrawingUtils.m */ = {isa = PBXFileReference; fileEncoding = 4; lastKnownFileType = sourcecode.c.objc; path = MMDrawingUtils.m; sourceTree = "<group>"; };
		35D7C01114397A4B000F82DD /* MMScroller.h */ = {isa = PBXFileReference; fileEncoding = 4; lastKnownFileType = sourcecode.c.h; path = MMScroller.h; sourceTree = "<group>"; };
		35D7C01214397A4B000F82DD /* MMScroller.m */ = {isa = PBXFileReference; fileEncoding = 4; lastKnownFileType = sourcecode.c.objc; path = MMScroller.m; sourceTree = "<group>"; };
		35D7C01314397A4B000F82DD /* PXListView+Private.h */ = {isa = PBXFileReference; fileEncoding = 4; lastKnownFileType = sourcecode.c.h; path = "PXListView+Private.h"; sourceTree = "<group>"; };
		35D7C01414397A4B000F82DD /* PXListView+UserInteraction.h */ = {isa = PBXFileReference; fileEncoding = 4; lastKnownFileType = sourcecode.c.h; path = "PXListView+UserInteraction.h"; sourceTree = "<group>"; };
		35D7C01514397A4B000F82DD /* PXListView+UserInteraction.m */ = {isa = PBXFileReference; fileEncoding = 4; lastKnownFileType = sourcecode.c.objc; path = "PXListView+UserInteraction.m"; sourceTree = "<group>"; };
		35D7C01614397A4B000F82DD /* PXListView.h */ = {isa = PBXFileReference; fileEncoding = 4; lastKnownFileType = sourcecode.c.h; path = PXListView.h; sourceTree = "<group>"; };
		35D7C01714397A4B000F82DD /* PXListView.m */ = {isa = PBXFileReference; fileEncoding = 4; lastKnownFileType = sourcecode.c.objc; path = PXListView.m; sourceTree = "<group>"; };
		35D7C01814397A4B000F82DD /* PXListViewConstants.h */ = {isa = PBXFileReference; fileEncoding = 4; lastKnownFileType = sourcecode.c.h; path = PXListViewConstants.h; sourceTree = "<group>"; };
		35D7C01914397A4B000F82DD /* PXListViewDelegate.h */ = {isa = PBXFileReference; fileEncoding = 4; lastKnownFileType = sourcecode.c.h; path = PXListViewDelegate.h; sourceTree = "<group>"; };
		35D7C02214397B51000F82DD /* MyView.h */ = {isa = PBXFileReference; fileEncoding = 4; lastKnownFileType = sourcecode.c.h; path = MyView.h; sourceTree = "<group>"; };
		35D7C02314397B51000F82DD /* MyView.m */ = {isa = PBXFileReference; fileEncoding = 4; lastKnownFileType = sourcecode.c.objc; path = MyView.m; sourceTree = "<group>"; };
		35E6366C1448022A00619046 /* weibo_badge.icns */ = {isa = PBXFileReference; lastKnownFileType = image.icns; path = weibo_badge.icns; sourceTree = SOURCE_ROOT; };
		35E6366E1448437400619046 /* toolbar-reply.png */ = {isa = PBXFileReference; lastKnownFileType = image.png; path = "toolbar-reply.png"; sourceTree = "<group>"; };
		35E6366F1448437400619046 /* toolbar-addfavor.png */ = {isa = PBXFileReference; lastKnownFileType = image.png; path = "toolbar-addfavor.png"; sourceTree = "<group>"; };
		35E6368414494A2200619046 /* QWViewImageWindowController.h */ = {isa = PBXFileReference; fileEncoding = 4; lastKnownFileType = sourcecode.c.h; path = QWViewImageWindowController.h; sourceTree = "<group>"; };
		35E6368514494A2300619046 /* QWViewImageWindowController.m */ = {isa = PBXFileReference; fileEncoding = 4; lastKnownFileType = sourcecode.c.objc; path = QWViewImageWindowController.m; sourceTree = "<group>"; };
		35E6368714494A4900619046 /* QWViewImageWindowController.xib */ = {isa = PBXFileReference; fileEncoding = 4; lastKnownFileType = file.xib; path = QWViewImageWindowController.xib; sourceTree = "<group>"; };
		35E98D3914287ECF005B9A15 /* NSDate+Categories.h */ = {isa = PBXFileReference; fileEncoding = 4; lastKnownFileType = sourcecode.c.h; path = "NSDate+Categories.h"; sourceTree = "<group>"; };
		35E98D3A14287ECF005B9A15 /* NSDate+Categories.m */ = {isa = PBXFileReference; fileEncoding = 4; lastKnownFileType = sourcecode.c.objc; path = "NSDate+Categories.m"; sourceTree = "<group>"; };
		35F0E126144E8268002A9191 /* TextViewPassive.h */ = {isa = PBXFileReference; fileEncoding = 4; lastKnownFileType = sourcecode.c.h; path = TextViewPassive.h; sourceTree = "<group>"; };
		35F0E127144E8268002A9191 /* TextViewPassive.m */ = {isa = PBXFileReference; fileEncoding = 4; lastKnownFileType = sourcecode.c.objc; path = TextViewPassive.m; sourceTree = "<group>"; };
		35F0E129144E877B002A9191 /* ButtonPassive.h */ = {isa = PBXFileReference; fileEncoding = 4; lastKnownFileType = sourcecode.c.h; path = ButtonPassive.h; sourceTree = "<group>"; };
		35F0E12A144E877B002A9191 /* ButtonPassive.m */ = {isa = PBXFileReference; fileEncoding = 4; lastKnownFileType = sourcecode.c.objc; path = ButtonPassive.m; sourceTree = "<group>"; };
		35FA49F714651E52000404EA /* QWeiboSDK.xcodeproj */ = {isa = PBXFileReference; lastKnownFileType = "wrapper.pb-project"; name = QWeiboSDK.xcodeproj; path = ../QWeiboSDK/QWeiboSDK/QWeiboSDK.xcodeproj; sourceTree = "<group>"; };
/* End PBXFileReference section */

/* Begin PBXFrameworksBuildPhase section */
		35263AA4140F1F4800944D3E /* Frameworks */ = {
			isa = PBXFrameworksBuildPhase;
			buildActionMask = 2147483647;
			files = (
				3582C8FB14651F0C00F47560 /* QWeiboSDK.framework in Frameworks */,
				352A7D5D140F5C5B00F3E6B3 /* WebKit.framework in Frameworks */,
				35263AAC140F1F4800944D3E /* Cocoa.framework in Frameworks */,
				35C947571445397700E895DA /* Growl.framework in Frameworks */,
				357ADA8B14580AF4006CA936 /* YAJL.framework in Frameworks */,
			);
			runOnlyForDeploymentPostprocessing = 0;
		};
/* End PBXFrameworksBuildPhase section */

/* Begin PBXGroup section */
		35171895143B0CFB00DB2726 /* Images */ = {
			isa = PBXGroup;
			children = (
				35C6DECE14679FE200EF052F /* face */,
				35E6366E1448437400619046 /* toolbar-reply.png */,
				35E6366F1448437400619046 /* toolbar-addfavor.png */,
				35809B6C1444229F00CB02C2 /* status_on.png */,
				35809B6D1444229F00CB02C2 /* status_off.png */,
				352EE05A1441314500AB7913 /* weibo.icns */,
				35E6366C1448022A00619046 /* weibo_badge.icns */,
				35B61E54143EE1780001741D /* messages_off.png */,
				35B61E55143EE1780001741D /* messages_on.png */,
				3509E845143CACA00053EF3F /* favorite_off.png */,
				3509E846143CACA00053EF3F /* favorite_on.png */,
				3509E847143CACA00053EF3F /* mentions_off.png */,
				3509E848143CACA00053EF3F /* mentions_on.png */,
				3509E849143CACA00053EF3F /* people_off.png */,
				3509E84A143CACA00053EF3F /* people_on.png */,
				3509E84B143CACA00053EF3F /* search_off.png */,
				3509E84C143CACA00053EF3F /* search_on.png */,
				3509E84D143CACA00053EF3F /* timeline_off.png */,
				3509E84E143CACA00053EF3F /* timeline_on.png */,
				352EE0771441916700AB7913 /* end.png */,
				35809B701444441000CB02C2 /* blue_dot.png */,
				35D57F0A144AC71A00D071F2 /* sidebar-compose.png */,
				35D57F18144ACC4200D071F2 /* sidebar-bottom.png */,
				353C6CC4144C537200E67DE4 /* blackx.png */,
				359E5EBB144D6E14009E5ADC /* head.jpg */,
				359E5EBD144D7C80009E5ADC /* badge-favorite.png */,
				35019D8A1468DB2800FDEED2 /* smileEmoji.png */,
			);
			path = Images;
			sourceTree = "<group>";
		};
		352379B414107225007C5AB5 /* Model */ = {
			isa = PBXGroup;
			children = (
			);
			name = Model;
			sourceTree = "<group>";
		};
		35263A9C140F1F4800944D3E = {
			isa = PBXGroup;
			children = (
				35FA49F714651E52000404EA /* QWeiboSDK.xcodeproj */,
				35263AB1140F1F4800944D3E /* Dandelion */,
				35263AAA140F1F4800944D3E /* Frameworks */,
				35263AA8140F1F4800944D3E /* Products */,
			);
			sourceTree = "<group>";
		};
		35263AA8140F1F4800944D3E /* Products */ = {
			isa = PBXGroup;
			children = (
				35263AA7140F1F4800944D3E /* Dandelion.app */,
			);
			name = Products;
			sourceTree = "<group>";
		};
		35263AAA140F1F4800944D3E /* Frameworks */ = {
			isa = PBXGroup;
			children = (
				357ADA8A14580AF4006CA936 /* YAJL.framework */,
				35C947561445397700E895DA /* Growl.framework */,
				352A7D5C140F5C5B00F3E6B3 /* WebKit.framework */,
				35263AAB140F1F4800944D3E /* Cocoa.framework */,
				35263AAD140F1F4800944D3E /* Other Frameworks */,
			);
			name = Frameworks;
			sourceTree = "<group>";
		};
		35263AAD140F1F4800944D3E /* Other Frameworks */ = {
			isa = PBXGroup;
			children = (
				35263AAE140F1F4800944D3E /* AppKit.framework */,
				35263AAF140F1F4800944D3E /* CoreData.framework */,
				35263AB0140F1F4800944D3E /* Foundation.framework */,
			);
			name = "Other Frameworks";
			sourceTree = "<group>";
		};
		35263AB1140F1F4800944D3E /* Dandelion */ = {
			isa = PBXGroup;
			children = (
				35B61E64143EF0CE0001741D /* CustomControl */,
				35D7C00114397A4B000F82DD /* PXListView */,
				35E98D2E14287EA0005B9A15 /* Categories */,
				352379B414107225007C5AB5 /* Model */,
				35171895143B0CFB00DB2726 /* Images */,
				35263ABD140F1F4800944D3E /* AppDelegate.h */,
				35263ABE140F1F4800944D3E /* AppDelegate.m */,
				35263AC0140F1F4800944D3E /* MainMenu.xib */,
				35263ACB140F1F9800944D3E /* QWMainWindowController.h */,
				35263ACC140F1F9800944D3E /* QWMainWindowController.m */,
				35263ADB140F22A500944D3E /* QWMainWindowController.xib */,
				352A7D0B140F308C00F3E6B3 /* QWConstants.h */,
				35B12EB2141FB18F00F963FC /* QWVerifyWindowController.h */,
				35B12EB3141FB18F00F963FC /* QWVerifyWindowController.m */,
				35B12EB5141FB1A300F963FC /* QWVerifyWindowController.xib */,
				35809B3E1443D1FC00CB02C2 /* QWTweetViewController.h */,
				35809B3F1443D1FC00CB02C2 /* QWTweetViewController.m */,
				35809B401443D1FC00CB02C2 /* QWTweetViewController.xib */,
				35B61E65143EF13C0001741D /* QWPublishMessageWindowController.h */,
				35B61E66143EF13D0001741D /* QWPublishMessageWindowController.m */,
				35B61E68143EF1540001741D /* QWPublishMessageWindowController.xib */,
				35E6368414494A2200619046 /* QWViewImageWindowController.h */,
				35E6368514494A2300619046 /* QWViewImageWindowController.m */,
				35E6368714494A4900619046 /* QWViewImageWindowController.xib */,
				35019D841468D91100FDEED2 /* ImagePickerMenuItemView.h */,
				35019D851468D91200FDEED2 /* ImagePickerMenuItemView.m */,
				35019D861468D91200FDEED2 /* MenuItemViewController.h */,
				35019D871468D91200FDEED2 /* MenuItemViewController.m */,
				35263AB2140F1F4800944D3E /* Supporting Files */,
			);
			name = Dandelion;
			path = QWeiboClient;
			sourceTree = "<group>";
		};
		35263AB2140F1F4800944D3E /* Supporting Files */ = {
			isa = PBXGroup;
			children = (
				351140FA14947DE600B0263C /* NIFLog.h */,
				35263AB3140F1F4800944D3E /* QWeiboClient-Info.plist */,
				35C6DFAE1467B12700EF052F /* face.plist */,
				35263AB4140F1F4800944D3E /* InfoPlist.strings */,
				35263AB7140F1F4800944D3E /* main.m */,
				35263AB9140F1F4800944D3E /* Dandelion-Prefix.pch */,
				35263ABA140F1F4800944D3E /* Credits.rtf */,
			);
			name = "Supporting Files";
			sourceTree = "<group>";
		};
		35B61E64143EF0CE0001741D /* CustomControl */ = {
			isa = PBXGroup;
			children = (
				35B12EAF141FAF3000F963FC /* ToolboxView.h */,
				35B12EB0141FAF3000F963FC /* ToolboxView.m */,
				35D7C02214397B51000F82DD /* MyView.h */,
				35D7C02314397B51000F82DD /* MyView.m */,
				3517188E143B035E00DB2726 /* RoundedButtonCell.h */,
				3517188F143B035E00DB2726 /* RoundedButtonCell.m */,
				350713FD14497D100080D041 /* FlippedView.h */,
				350713FE14497D100080D041 /* FlippedView.m */,
				3583177C144AB9AC0057A1FE /* DragDropImageView.h */,
				3583177D144AB9AD0057A1FE /* DragDropImageView.m */,
				353C6C5C144BCAC400E67DE4 /* ScrollViewPassive.h */,
				353C6C5D144BCAC400E67DE4 /* ScrollViewPassive.m */,
				35F0E126144E8268002A9191 /* TextViewPassive.h */,
				35F0E127144E8268002A9191 /* TextViewPassive.m */,
				35F0E129144E877B002A9191 /* ButtonPassive.h */,
				35F0E12A144E877B002A9191 /* ButtonPassive.m */,
				35019D931468F82D00FDEED2 /* MyTextAttachmentCell.h */,
				35019D941468F82D00FDEED2 /* MyTextAttachmentCell.m */,
			);
			name = CustomControl;
			sourceTree = "<group>";
		};
		35C6DECE14679FE200EF052F /* face */ = {
			isa = PBXGroup;
			children = (
				35C6DECF14679FE200EF052F /* e307.gif */,
				35C6DED014679FE200EF052F /* e609.gif */,
				35C6DED114679FE200EF052F /* no.gif */,
				35C6DED214679FE200EF052F /* ok.gif */,
				35C6DED314679FE200EF052F /* wennuan.png */,
				35C6DED414679FE200EF052F /* 乒乓.gif */,
				35C6DED514679FE200EF052F /* 亲亲.gif */,
				35C6DED614679FE200EF052F /* 便便.gif */,
				35C6DED714679FE200EF052F /* 偷笑.gif */,
				35C6DED814679FE200EF052F /* 傲慢.gif */,
				35C6DED914679FE200EF052F /* 再见.gif */,
				35C6DEDA14679FE200EF052F /* 冷汗.gif */,
				35C6DEDB14679FE200EF052F /* 凋谢.gif */,
				35C6DEDC14679FE200EF052F /* 刀.gif */,
				35C6DEDD14679FE200EF052F /* 勾引.gif */,
				35C6DEDE14679FE200EF052F /* 发呆.gif */,
				35C6DEDF14679FE200EF052F /* 发怒.gif */,
				35C6DEE014679FE200EF052F /* 发抖.gif */,
				35C6DEE114679FE200EF052F /* 可怜.gif */,
				35C6DEE214679FE200EF052F /* 可爱.gif */,
				35C6DEE314679FE200EF052F /* 右哼哼.gif */,
				35C6DEE414679FE200EF052F /* 右太极.gif */,
				35C6DEE514679FE200EF052F /* 吐.gif */,
				35C6DEE614679FE200EF052F /* 吓.gif */,
				35C6DEE714679FE200EF052F /* 咒骂.gif */,
				35C6DEE814679FE200EF052F /* 咖啡.gif */,
				35C6DEE914679FE200EF052F /* 哈欠.gif */,
				35C6DEEA14679FE200EF052F /* 啤酒.gif */,
				35C6DEEB14679FE200EF052F /* 嘘.gif */,
				35C6DEEC14679FE200EF052F /* 回头.gif */,
				35C6DEED14679FE200EF052F /* 困.gif */,
				35C6DEEE14679FE200EF052F /* 坏笑.gif */,
				35C6DEEF14679FE200EF052F /* 大兵.gif */,
				35C6DEF014679FE200EF052F /* 大哭.gif */,
				35C6DEF114679FE200EF052F /* 太阳.gif */,
				35C6DEF214679FE200EF052F /* 奋斗.gif */,
				35C6DEF314679FE200EF052F /* 委屈.gif */,
				35C6DEF414679FE200EF052F /* 害羞.gif */,
				35C6DEF514679FE200EF052F /* 尴尬.gif */,
				35C6DEF614679FE200EF052F /* 左哼哼.gif */,
				35C6DEF714679FE200EF052F /* 左太极.gif */,
				35C6DEF814679FE200EF052F /* 差劲.gif */,
				35C6DEF914679FE200EF052F /* 弱.gif */,
				35C6DEFA14679FE200EF052F /* 强.gif */,
				35C6DEFB14679FE200EF052F /* 得意.gif */,
				35C6DEFC14679FE200EF052F /* 微笑.gif */,
				35C6DEFD14679FE200EF052F /* 心碎.gif */,
				35C6DEFE14679FE200EF052F /* 快哭了.gif */,
				35C6DEFF14679FE200EF052F /* 怄火.gif */,
				35C6DF0014679FE200EF052F /* 惊恐.gif */,
				35C6DF0114679FE200EF052F /* 惊讶.gif */,
				35C6DF0214679FE200EF052F /* 憨笑.gif */,
				35C6DF0314679FE200EF052F /* 抓狂.gif */,
				35C6DF0414679FE200EF052F /* 折磨.gif */,
				35C6DF0514679FE200EF052F /* 抠鼻.gif */,
				35C6DF0614679FE200EF052F /* 抱拳.gif */,
				35C6DF0714679FE200EF052F /* 拥抱.gif */,
				35C6DF0814679FE200EF052F /* 拳头.gif */,
				35C6DF0914679FE200EF052F /* 挥手.gif */,
				35C6DF0A14679FE200EF052F /* 握手.gif */,
				35C6DF0B14679FE200EF052F /* 撇嘴.gif */,
				35C6DF0C14679FE200EF052F /* 擦汗.gif */,
				35C6DF0D14679FE200EF052F /* 敲打.gif */,
				35C6DF0E14679FE200EF052F /* 晕.gif */,
				35C6DF0F14679FE200EF052F /* 月亮.gif */,
				35C6DF1014679FE200EF052F /* 流汗.gif */,
				35C6DF1114679FE200EF052F /* 流泪.gif */,
				35C6DF1214679FE200EF052F /* 激动.gif */,
				35C6DF1314679FE200EF052F /* 炸弹.gif */,
				35C6DF1414679FE200EF052F /* 爱你.gif */,
				35C6DF1514679FE200EF052F /* 爱心.gif */,
				35C6DF1614679FE200EF052F /* 爱情.gif */,
				35C6DF1714679FE200EF052F /* 猪头.gif */,
				35C6DF1814679FE200EF052F /* 献吻.gif */,
				35C6DF1914679FE200EF052F /* 玫瑰.gif */,
				35C6DF1A14679FE200EF052F /* 瓢虫.gif */,
				35C6DF1B14679FE200EF052F /* 疑问.gif */,
				35C6DF1C14679FE200EF052F /* 白眼.gif */,
				35C6DF1D14679FE200EF052F /* 睡.gif */,
				35C6DF1E14679FE200EF052F /* 磕头.gif */,
				35C6DF1F14679FE200EF052F /* 示爱.gif */,
				35C6DF2014679FE200EF052F /* 礼物.gif */,
				35C6DF2114679FE200EF052F /* 篮球.gif */,
				35C6DF2214679FE200EF052F /* 糗大了.gif */,
				35C6DF2314679FE200EF052F /* 胜利.gif */,
				35C6DF2414679FE200EF052F /* 色.gif */,
				35C6DF2514679FE200EF052F /* 菜刀.gif */,
				35C6DF2614679FE200EF052F /* 蛋糕.gif */,
				35C6DF2714679FE200EF052F /* 街舞.gif */,
				35C6DF2814679FE200EF052F /* 衰.gif */,
				35C6DF2914679FE200EF052F /* 西瓜.gif */,
				35C6DF2A14679FE200EF052F /* 调皮.gif */,
				35C6DF2B14679FE200EF052F /* 足球.gif */,
				35C6DF2C14679FE200EF052F /* 跳绳.gif */,
				35C6DF2D14679FE200EF052F /* 跳跳.gif */,
				35C6DF2E14679FE200EF052F /* 转圈.gif */,
				35C6DF2F14679FE200EF052F /* 鄙视.gif */,
				35C6DF3014679FE200EF052F /* 酷.gif */,
				35C6DF3114679FE200EF052F /* 闪电.gif */,
				35C6DF3214679FE200EF052F /* 闭嘴.gif */,
				35C6DF3314679FE200EF052F /* 阴险.gif */,
				35C6DF3414679FE200EF052F /* 难过.gif */,
				35C6DF3514679FE200EF052F /* 飞吻.gif */,
				35C6DF3614679FE200EF052F /* 饥饿.gif */,
				35C6DF3714679FE200EF052F /* 饭.gif */,
				35C6DF3814679FE200EF052F /* 骷髅.gif */,
				35C6DF3914679FE200EF052F /* 鼓掌.gif */,
				35C6DF3A14679FE200EF052F /* 龇牙.gif */,
			);
			path = face;
			sourceTree = "<group>";
		};
		35D7C00114397A4B000F82DD /* PXListView */ = {
			isa = PBXGroup;
			children = (
				35D7C00214397A4B000F82DD /* Cells */,
				35D7C00714397A4B000F82DD /* Custom Cell */,
				35D7C00B14397A4B000F82DD /* Misc */,
				35D7C00E14397A4B000F82DD /* MMScroller */,
				35D7C01314397A4B000F82DD /* PXListView+Private.h */,
				35D7C01414397A4B000F82DD /* PXListView+UserInteraction.h */,
				35D7C01514397A4B000F82DD /* PXListView+UserInteraction.m */,
				35D7C01614397A4B000F82DD /* PXListView.h */,
				35D7C01714397A4B000F82DD /* PXListView.m */,
				35D7C01814397A4B000F82DD /* PXListViewConstants.h */,
				35D7C01914397A4B000F82DD /* PXListViewDelegate.h */,
			);
			path = PXListView;
			sourceTree = "<group>";
		};
		35D7C00214397A4B000F82DD /* Cells */ = {
			isa = PBXGroup;
			children = (
				35D7C00314397A4B000F82DD /* PXListViewCell+Private.h */,
				35D7C00414397A4B000F82DD /* PXListViewCell.h */,
				35D7C00514397A4B000F82DD /* PXListViewCell.m */,
				35D7C00614397A4B000F82DD /* PXListViewDropHighlight.h */,
			);
			path = Cells;
			sourceTree = "<group>";
		};
		35D7C00714397A4B000F82DD /* Custom Cell */ = {
			isa = PBXGroup;
			children = (
				35D7C00814397A4B000F82DD /* MyListViewCell.h */,
				35D7C00914397A4B000F82DD /* MyListViewCell.m */,
				35D7C00A14397A4B000F82DD /* MyListViewCell.xib */,
				352EE0691441457300AB7913 /* ListViewEndCell.h */,
				352EE06A1441457300AB7913 /* ListViewEndCell.m */,
				352EE06C1441458200AB7913 /* ListViewEndCell.xib */,
			);
			path = "Custom Cell";
			sourceTree = "<group>";
		};
		35D7C00B14397A4B000F82DD /* Misc */ = {
			isa = PBXGroup;
			children = (
				35D7C00C14397A4B000F82DD /* PXListDocumentView.h */,
				35D7C00D14397A4B000F82DD /* PXListDocumentView.m */,
			);
			path = Misc;
			sourceTree = "<group>";
		};
		35D7C00E14397A4B000F82DD /* MMScroller */ = {
			isa = PBXGroup;
			children = (
				35D7C00F14397A4B000F82DD /* MMDrawingUtils.h */,
				35D7C01014397A4B000F82DD /* MMDrawingUtils.m */,
				35D7C01114397A4B000F82DD /* MMScroller.h */,
				35D7C01214397A4B000F82DD /* MMScroller.m */,
			);
			path = MMScroller;
			sourceTree = "<group>";
		};
		35E98D2E14287EA0005B9A15 /* Categories */ = {
			isa = PBXGroup;
			children = (
				353C6C71144BD3A900E67DE4 /* NS(Attributed)String+Geometrics.h */,
				353C6C72144BD3A900E67DE4 /* NS(Attributed)String+Geometrics.m */,
				35B61E48143E85630001741D /* NSObject+Universal.h */,
				35B61E49143E85630001741D /* NSObject+Universal.m */,
				35E98D3914287ECF005B9A15 /* NSDate+Categories.h */,
				35E98D3A14287ECF005B9A15 /* NSDate+Categories.m */,
				352EE05C14413F3D00AB7913 /* NSScrollView+Categories.h */,
				352EE05D14413F3D00AB7913 /* NSScrollView+Categories.m */,
				354A8E8D144DC4290012D2BD /* NSImage+Categories.h */,
				354A8E8E144DC4290012D2BD /* NSImage+Categories.m */,
			);
			name = Categories;
			sourceTree = "<group>";
		};
		35FA49F814651E52000404EA /* Products */ = {
			isa = PBXGroup;
			children = (
				35FA49FC14651E53000404EA /* QWeiboSDK.framework */,
			);
			name = Products;
			sourceTree = "<group>";
		};
/* End PBXGroup section */

/* Begin PBXNativeTarget section */
		35263AA6140F1F4800944D3E /* Dandelion */ = {
			isa = PBXNativeTarget;
			buildConfigurationList = 35263AC8140F1F4800944D3E /* Build configuration list for PBXNativeTarget "Dandelion" */;
			buildPhases = (
				35263AA3140F1F4800944D3E /* Sources */,
				35263AA4140F1F4800944D3E /* Frameworks */,
				35263AA5140F1F4800944D3E /* Resources */,
				359250531426E8D400F164D0 /* CopyFiles */,
			);
			buildRules = (
			);
			dependencies = (
				3582C8FA14651EBB00F47560 /* PBXTargetDependency */,
			);
			name = Dandelion;
			productName = QWeiboClient;
			productReference = 35263AA7140F1F4800944D3E /* Dandelion.app */;
			productType = "com.apple.product-type.application";
		};
/* End PBXNativeTarget section */

/* Begin PBXProject section */
		35263A9E140F1F4800944D3E /* Project object */ = {
			isa = PBXProject;
			attributes = {
				LastUpgradeCheck = 0420;
			};
			buildConfigurationList = 35263AA1140F1F4800944D3E /* Build configuration list for PBXProject "Dandelion" */;
			compatibilityVersion = "Xcode 3.2";
			developmentRegion = English;
			hasScannedForEncodings = 0;
			knownRegions = (
				en,
			);
			mainGroup = 35263A9C140F1F4800944D3E;
			productRefGroup = 35263AA8140F1F4800944D3E /* Products */;
			projectDirPath = "";
			projectReferences = (
				{
					ProductGroup = 35FA49F814651E52000404EA /* Products */;
					ProjectRef = 35FA49F714651E52000404EA /* QWeiboSDK.xcodeproj */;
				},
			);
			projectRoot = "";
			targets = (
				35263AA6140F1F4800944D3E /* Dandelion */,
			);
		};
/* End PBXProject section */

/* Begin PBXReferenceProxy section */
		35FA49FC14651E53000404EA /* QWeiboSDK.framework */ = {
			isa = PBXReferenceProxy;
			fileType = wrapper.framework;
			path = QWeiboSDK.framework;
			remoteRef = 35FA49FB14651E53000404EA /* PBXContainerItemProxy */;
			sourceTree = BUILT_PRODUCTS_DIR;
		};
/* End PBXReferenceProxy section */

/* Begin PBXResourcesBuildPhase section */
		35263AA5140F1F4800944D3E /* Resources */ = {
			isa = PBXResourcesBuildPhase;
			buildActionMask = 2147483647;
			files = (
				35263AB6140F1F4800944D3E /* InfoPlist.strings in Resources */,
				35263ABC140F1F4800944D3E /* Credits.rtf in Resources */,
				35263AC2140F1F4800944D3E /* MainMenu.xib in Resources */,
				35263ADC140F22A500944D3E /* QWMainWindowController.xib in Resources */,
				35B12EB6141FB1A300F963FC /* QWVerifyWindowController.xib in Resources */,
				35D7C01C14397A4B000F82DD /* MyListViewCell.xib in Resources */,
				3509E84F143CACA00053EF3F /* favorite_off.png in Resources */,
				3509E850143CACA00053EF3F /* favorite_on.png in Resources */,
				3509E851143CACA00053EF3F /* mentions_off.png in Resources */,
				3509E852143CACA00053EF3F /* mentions_on.png in Resources */,
				3509E853143CACA00053EF3F /* people_off.png in Resources */,
				3509E854143CACA00053EF3F /* people_on.png in Resources */,
				3509E855143CACA00053EF3F /* search_off.png in Resources */,
				3509E856143CACA00053EF3F /* search_on.png in Resources */,
				3509E857143CACA00053EF3F /* timeline_off.png in Resources */,
				3509E858143CACA00053EF3F /* timeline_on.png in Resources */,
				35B61E56143EE1780001741D /* messages_off.png in Resources */,
				35B61E57143EE1780001741D /* messages_on.png in Resources */,
				35B61E69143EF1550001741D /* QWPublishMessageWindowController.xib in Resources */,
				352EE05B1441314500AB7913 /* weibo.icns in Resources */,
				352EE06D1441458200AB7913 /* ListViewEndCell.xib in Resources */,
				352EE0781441916700AB7913 /* end.png in Resources */,
				35809B421443D1FC00CB02C2 /* QWTweetViewController.xib in Resources */,
				35809B6E1444229F00CB02C2 /* status_on.png in Resources */,
				35809B6F1444229F00CB02C2 /* status_off.png in Resources */,
				35809B711444441000CB02C2 /* blue_dot.png in Resources */,
				35E6366D1448022A00619046 /* weibo_badge.icns in Resources */,
				35E636701448437400619046 /* toolbar-reply.png in Resources */,
				35E636711448437400619046 /* toolbar-addfavor.png in Resources */,
				35E6368814494A4900619046 /* QWViewImageWindowController.xib in Resources */,
				35D57F0B144AC71A00D071F2 /* sidebar-compose.png in Resources */,
				35D57F19144ACC4200D071F2 /* sidebar-bottom.png in Resources */,
				353C6CC5144C537200E67DE4 /* blackx.png in Resources */,
				359E5EBC144D6E14009E5ADC /* head.jpg in Resources */,
				359E5EBE144D7C80009E5ADC /* badge-favorite.png in Resources */,
				35C6DF3B14679FE200EF052F /* e307.gif in Resources */,
				35C6DF3C14679FE200EF052F /* e609.gif in Resources */,
				35C6DF3D14679FE200EF052F /* no.gif in Resources */,
				35C6DF3E14679FE200EF052F /* ok.gif in Resources */,
				35C6DF3F14679FE200EF052F /* wennuan.png in Resources */,
				35C6DF4014679FE200EF052F /* 乒乓.gif in Resources */,
				35C6DF4114679FE200EF052F /* 亲亲.gif in Resources */,
				35C6DF4214679FE200EF052F /* 便便.gif in Resources */,
				35C6DF4314679FE200EF052F /* 偷笑.gif in Resources */,
				35C6DF4414679FE200EF052F /* 傲慢.gif in Resources */,
				35C6DF4514679FE200EF052F /* 再见.gif in Resources */,
				35C6DF4614679FE200EF052F /* 冷汗.gif in Resources */,
				35C6DF4714679FE200EF052F /* 凋谢.gif in Resources */,
				35C6DF4814679FE200EF052F /* 刀.gif in Resources */,
				35C6DF4914679FE200EF052F /* 勾引.gif in Resources */,
				35C6DF4A14679FE200EF052F /* 发呆.gif in Resources */,
				35C6DF4B14679FE200EF052F /* 发怒.gif in Resources */,
				35C6DF4C14679FE200EF052F /* 发抖.gif in Resources */,
				35C6DF4D14679FE200EF052F /* 可怜.gif in Resources */,
				35C6DF4E14679FE200EF052F /* 可爱.gif in Resources */,
				35C6DF4F14679FE200EF052F /* 右哼哼.gif in Resources */,
				35C6DF5014679FE200EF052F /* 右太极.gif in Resources */,
				35C6DF5114679FE200EF052F /* 吐.gif in Resources */,
				35C6DF5214679FE200EF052F /* 吓.gif in Resources */,
				35C6DF5314679FE200EF052F /* 咒骂.gif in Resources */,
				35C6DF5414679FE200EF052F /* 咖啡.gif in Resources */,
				35C6DF5514679FE200EF052F /* 哈欠.gif in Resources */,
				35C6DF5614679FE200EF052F /* 啤酒.gif in Resources */,
				35C6DF5714679FE200EF052F /* 嘘.gif in Resources */,
				35C6DF5814679FE200EF052F /* 回头.gif in Resources */,
				35C6DF5914679FE200EF052F /* 困.gif in Resources */,
				35C6DF5A14679FE200EF052F /* 坏笑.gif in Resources */,
				35C6DF5B14679FE200EF052F /* 大兵.gif in Resources */,
				35C6DF5C14679FE200EF052F /* 大哭.gif in Resources */,
				35C6DF5D14679FE200EF052F /* 太阳.gif in Resources */,
				35C6DF5E14679FE200EF052F /* 奋斗.gif in Resources */,
				35C6DF5F14679FE200EF052F /* 委屈.gif in Resources */,
				35C6DF6014679FE200EF052F /* 害羞.gif in Resources */,
				35C6DF6114679FE200EF052F /* 尴尬.gif in Resources */,
				35C6DF6214679FE200EF052F /* 左哼哼.gif in Resources */,
				35C6DF6314679FE200EF052F /* 左太极.gif in Resources */,
				35C6DF6414679FE200EF052F /* 差劲.gif in Resources */,
				35C6DF6514679FE200EF052F /* 弱.gif in Resources */,
				35C6DF6614679FE200EF052F /* 强.gif in Resources */,
				35C6DF6714679FE200EF052F /* 得意.gif in Resources */,
				35C6DF6814679FE200EF052F /* 微笑.gif in Resources */,
				35C6DF6914679FE200EF052F /* 心碎.gif in Resources */,
				35C6DF6A14679FE200EF052F /* 快哭了.gif in Resources */,
				35C6DF6B14679FE200EF052F /* 怄火.gif in Resources */,
				35C6DF6C14679FE200EF052F /* 惊恐.gif in Resources */,
				35C6DF6D14679FE200EF052F /* 惊讶.gif in Resources */,
				35C6DF6E14679FE200EF052F /* 憨笑.gif in Resources */,
				35C6DF6F14679FE200EF052F /* 抓狂.gif in Resources */,
				35C6DF7014679FE200EF052F /* 折磨.gif in Resources */,
				35C6DF7114679FE200EF052F /* 抠鼻.gif in Resources */,
				35C6DF7214679FE200EF052F /* 抱拳.gif in Resources */,
				35C6DF7314679FE200EF052F /* 拥抱.gif in Resources */,
				35C6DF7414679FE200EF052F /* 拳头.gif in Resources */,
				35C6DF7514679FE200EF052F /* 挥手.gif in Resources */,
				35C6DF7614679FE200EF052F /* 握手.gif in Resources */,
				35C6DF7714679FE200EF052F /* 撇嘴.gif in Resources */,
				35C6DF7814679FE200EF052F /* 擦汗.gif in Resources */,
				35C6DF7914679FE200EF052F /* 敲打.gif in Resources */,
				35C6DF7A14679FE200EF052F /* 晕.gif in Resources */,
				35C6DF7B14679FE200EF052F /* 月亮.gif in Resources */,
				35C6DF7C14679FE200EF052F /* 流汗.gif in Resources */,
				35C6DF7D14679FE200EF052F /* 流泪.gif in Resources */,
				35C6DF7E14679FE200EF052F /* 激动.gif in Resources */,
				35C6DF7F14679FE200EF052F /* 炸弹.gif in Resources */,
				35C6DF8014679FE200EF052F /* 爱你.gif in Resources */,
				35C6DF8114679FE200EF052F /* 爱心.gif in Resources */,
				35C6DF8214679FE200EF052F /* 爱情.gif in Resources */,
				35C6DF8314679FE200EF052F /* 猪头.gif in Resources */,
				35C6DF8414679FE200EF052F /* 献吻.gif in Resources */,
				35C6DF8514679FE200EF052F /* 玫瑰.gif in Resources */,
				35C6DF8614679FE200EF052F /* 瓢虫.gif in Resources */,
				35C6DF8714679FE200EF052F /* 疑问.gif in Resources */,
				35C6DF8814679FE200EF052F /* 白眼.gif in Resources */,
				35C6DF8914679FE200EF052F /* 睡.gif in Resources */,
				35C6DF8A14679FE200EF052F /* 磕头.gif in Resources */,
				35C6DF8B14679FE200EF052F /* 示爱.gif in Resources */,
				35C6DF8C14679FE200EF052F /* 礼物.gif in Resources */,
				35C6DF8D14679FE200EF052F /* 篮球.gif in Resources */,
				35C6DF8E14679FE200EF052F /* 糗大了.gif in Resources */,
				35C6DF8F14679FE200EF052F /* 胜利.gif in Resources */,
				35C6DF9014679FE200EF052F /* 色.gif in Resources */,
				35C6DF9114679FE200EF052F /* 菜刀.gif in Resources */,
				35C6DF9214679FE200EF052F /* 蛋糕.gif in Resources */,
				35C6DF9314679FE200EF052F /* 街舞.gif in Resources */,
				35C6DF9414679FE200EF052F /* 衰.gif in Resources */,
				35C6DF9514679FE200EF052F /* 西瓜.gif in Resources */,
				35C6DF9614679FE200EF052F /* 调皮.gif in Resources */,
				35C6DF9714679FE200EF052F /* 足球.gif in Resources */,
				35C6DF9814679FE200EF052F /* 跳绳.gif in Resources */,
				35C6DF9914679FE200EF052F /* 跳跳.gif in Resources */,
				35C6DF9A14679FE200EF052F /* 转圈.gif in Resources */,
				35C6DF9B14679FE200EF052F /* 鄙视.gif in Resources */,
				35C6DF9C14679FE200EF052F /* 酷.gif in Resources */,
				35C6DF9D14679FE200EF052F /* 闪电.gif in Resources */,
				35C6DF9E14679FE200EF052F /* 闭嘴.gif in Resources */,
				35C6DF9F14679FE200EF052F /* 阴险.gif in Resources */,
				35C6DFA014679FE200EF052F /* 难过.gif in Resources */,
				35C6DFA114679FE200EF052F /* 飞吻.gif in Resources */,
				35C6DFA214679FE200EF052F /* 饥饿.gif in Resources */,
				35C6DFA314679FE200EF052F /* 饭.gif in Resources */,
				35C6DFA414679FE200EF052F /* 骷髅.gif in Resources */,
				35C6DFA514679FE200EF052F /* 鼓掌.gif in Resources */,
				35C6DFA614679FE200EF052F /* 龇牙.gif in Resources */,
				35C6DFAF1467B12700EF052F /* face.plist in Resources */,
				35019D8B1468DB2800FDEED2 /* smileEmoji.png in Resources */,
			);
			runOnlyForDeploymentPostprocessing = 0;
		};
/* End PBXResourcesBuildPhase section */

/* Begin PBXSourcesBuildPhase section */
		35263AA3140F1F4800944D3E /* Sources */ = {
			isa = PBXSourcesBuildPhase;
			buildActionMask = 2147483647;
			files = (
				35263AB8140F1F4800944D3E /* main.m in Sources */,
				35263ABF140F1F4800944D3E /* AppDelegate.m in Sources */,
				35263ACD140F1F9800944D3E /* QWMainWindowController.m in Sources */,
				35B12EB1141FAF3000F963FC /* ToolboxView.m in Sources */,
				35B12EB4141FB18F00F963FC /* QWVerifyWindowController.m in Sources */,
				35E98D3B14287ECF005B9A15 /* NSDate+Categories.m in Sources */,
				35D7C01A14397A4B000F82DD /* PXListViewCell.m in Sources */,
				35D7C01B14397A4B000F82DD /* MyListViewCell.m in Sources */,
				35D7C01D14397A4B000F82DD /* PXListDocumentView.m in Sources */,
				35D7C01E14397A4B000F82DD /* MMDrawingUtils.m in Sources */,
				35D7C01F14397A4B000F82DD /* MMScroller.m in Sources */,
				35D7C02014397A4B000F82DD /* PXListView+UserInteraction.m in Sources */,
				35D7C02114397A4B000F82DD /* PXListView.m in Sources */,
				35D7C02414397B51000F82DD /* MyView.m in Sources */,
				35171890143B035E00DB2726 /* RoundedButtonCell.m in Sources */,
				35B61E4A143E85630001741D /* NSObject+Universal.m in Sources */,
				35B61E67143EF13D0001741D /* QWPublishMessageWindowController.m in Sources */,
				352EE05E14413F3D00AB7913 /* NSScrollView+Categories.m in Sources */,
				352EE06B1441457300AB7913 /* ListViewEndCell.m in Sources */,
				35809B411443D1FC00CB02C2 /* QWTweetViewController.m in Sources */,
				35E6368614494A2300619046 /* QWViewImageWindowController.m in Sources */,
				350713FF14497D100080D041 /* FlippedView.m in Sources */,
				3583177E144AB9AD0057A1FE /* DragDropImageView.m in Sources */,
				353C6C5E144BCAC500E67DE4 /* ScrollViewPassive.m in Sources */,
				353C6C73144BD3A900E67DE4 /* NS(Attributed)String+Geometrics.m in Sources */,
				354A8E8F144DC4290012D2BD /* NSImage+Categories.m in Sources */,
				35F0E128144E8268002A9191 /* TextViewPassive.m in Sources */,
				35F0E12B144E877B002A9191 /* ButtonPassive.m in Sources */,
				35019D881468D91200FDEED2 /* ImagePickerMenuItemView.m in Sources */,
				35019D891468D91200FDEED2 /* MenuItemViewController.m in Sources */,
				35019D951468F82D00FDEED2 /* MyTextAttachmentCell.m in Sources */,
			);
			runOnlyForDeploymentPostprocessing = 0;
		};
/* End PBXSourcesBuildPhase section */

/* Begin PBXTargetDependency section */
		3582C8FA14651EBB00F47560 /* PBXTargetDependency */ = {
			isa = PBXTargetDependency;
			name = QWeiboSDK;
			targetProxy = 3582C8F914651EBB00F47560 /* PBXContainerItemProxy */;
		};
/* End PBXTargetDependency section */

/* Begin PBXVariantGroup section */
		35263AB4140F1F4800944D3E /* InfoPlist.strings */ = {
			isa = PBXVariantGroup;
			children = (
				35263AB5140F1F4800944D3E /* en */,
			);
			name = InfoPlist.strings;
			sourceTree = "<group>";
		};
		35263ABA140F1F4800944D3E /* Credits.rtf */ = {
			isa = PBXVariantGroup;
			children = (
				35263ABB140F1F4800944D3E /* en */,
			);
			name = Credits.rtf;
			sourceTree = "<group>";
		};
		35263AC0140F1F4800944D3E /* MainMenu.xib */ = {
			isa = PBXVariantGroup;
			children = (
				35263AC1140F1F4800944D3E /* en */,
			);
			name = MainMenu.xib;
			sourceTree = "<group>";
		};
/* End PBXVariantGroup section */

/* Begin XCBuildConfiguration section */
		35263AC6140F1F4800944D3E /* Debug */ = {
			isa = XCBuildConfiguration;
			buildSettings = {
				ALWAYS_SEARCH_USER_PATHS = YES;
				ARCHS = "$(ARCHS_STANDARD_64_BIT)";
				COPY_PHASE_STRIP = NO;
				GCC_C_LANGUAGE_STANDARD = gnu99;
				GCC_DYNAMIC_NO_PIC = NO;
				GCC_ENABLE_OBJC_EXCEPTIONS = YES;
				GCC_OPTIMIZATION_LEVEL = 0;
				GCC_PREPROCESSOR_DEFINITIONS = (
					"DEBUG=1",
					"$(inherited)",
				);
				GCC_SYMBOLS_PRIVATE_EXTERN = NO;
				GCC_VERSION = com.apple.compilers.llvm.clang.1_0;
				GCC_WARN_64_TO_32_BIT_CONVERSION = YES;
				GCC_WARN_ABOUT_MISSING_PROTOTYPES = YES;
				GCC_WARN_ABOUT_RETURN_TYPE = YES;
				GCC_WARN_UNUSED_VARIABLE = YES;
				HEADER_SEARCH_PATHS = "/Users/leon/Desktop/Cocoa/QWeiboClient/QWeiboClient/QWeiboSDK4iOS/**";
				LD_RUNPATH_SEARCH_PATHS = "";
				MACOSX_DEPLOYMENT_TARGET = 10.7;
				ONLY_ACTIVE_ARCH = YES;
				OTHER_LDFLAGS = "-all_load";
				PRELINK_FLAGS = "";
				SDKROOT = macosx;
			};
			name = Debug;
		};
		35263AC7140F1F4800944D3E /* Release */ = {
			isa = XCBuildConfiguration;
			buildSettings = {
				ALWAYS_SEARCH_USER_PATHS = YES;
				ARCHS = "$(ARCHS_STANDARD_64_BIT)";
				COPY_PHASE_STRIP = YES;
				DEBUG_INFORMATION_FORMAT = "dwarf-with-dsym";
				GCC_C_LANGUAGE_STANDARD = gnu99;
				GCC_ENABLE_OBJC_EXCEPTIONS = YES;
				GCC_VERSION = com.apple.compilers.llvm.clang.1_0;
				GCC_WARN_64_TO_32_BIT_CONVERSION = YES;
				GCC_WARN_ABOUT_MISSING_PROTOTYPES = YES;
				GCC_WARN_ABOUT_RETURN_TYPE = YES;
				GCC_WARN_UNUSED_VARIABLE = YES;
				HEADER_SEARCH_PATHS = "/Users/leon/Desktop/Cocoa/QWeiboClient/QWeiboClient/QWeiboSDK4iOS/**";
				LD_RUNPATH_SEARCH_PATHS = "";
				MACOSX_DEPLOYMENT_TARGET = 10.7;
				OTHER_LDFLAGS = "-all_load";
				PRELINK_FLAGS = "";
				SDKROOT = macosx;
			};
			name = Release;
		};
		35263AC9140F1F4800944D3E /* Debug */ = {
			isa = XCBuildConfiguration;
			buildSettings = {
				FRAMEWORK_SEARCH_PATHS = (
					"$(inherited)",
					"\"$(SRCROOT)/QWeiboClient/Frameworks\"",
				);
				GCC_PRECOMPILE_PREFIX_HEADER = YES;
				GCC_PREFIX_HEADER = "QWeiboClient/Dandelion-Prefix.pch";
				HEADER_SEARCH_PATHS = "/Users/leon/Desktop/Workspace/QWeiboClient/QWeiboClient/QWeiboSDK4iOS/**";
				INFOPLIST_FILE = "QWeiboClient/QWeiboClient-Info.plist";
				LD_RUNPATH_SEARCH_PATHS = "@loader_path/../Frameworks/";
				MACOSX_DEPLOYMENT_TARGET = 10.7;
				PRODUCT_NAME = "$(TARGET_NAME)";
				WRAPPER_EXTENSION = app;
			};
			name = Debug;
		};
		35263ACA140F1F4800944D3E /* Release */ = {
			isa = XCBuildConfiguration;
			buildSettings = {
				FRAMEWORK_SEARCH_PATHS = (
					"$(inherited)",
					"\"$(SRCROOT)/QWeiboClient/Frameworks\"",
				);
				GCC_PRECOMPILE_PREFIX_HEADER = YES;
				GCC_PREFIX_HEADER = "QWeiboClient/Dandelion-Prefix.pch";
				HEADER_SEARCH_PATHS = "/Users/leon/Desktop/Workspace/QWeiboClient/QWeiboClient/QWeiboSDK4iOS/**";
				INFOPLIST_FILE = "QWeiboClient/QWeiboClient-Info.plist";
				LD_RUNPATH_SEARCH_PATHS = "@loader_path/../Frameworks/";
				MACOSX_DEPLOYMENT_TARGET = 10.7;
				PRODUCT_NAME = "$(TARGET_NAME)";
				WRAPPER_EXTENSION = app;
			};
			name = Release;
		};
/* End XCBuildConfiguration section */

/* Begin XCConfigurationList section */
		35263AA1140F1F4800944D3E /* Build configuration list for PBXProject "Dandelion" */ = {
			isa = XCConfigurationList;
			buildConfigurations = (
				35263AC6140F1F4800944D3E /* Debug */,
				35263AC7140F1F4800944D3E /* Release */,
			);
			defaultConfigurationIsVisible = 0;
			defaultConfigurationName = Release;
		};
		35263AC8140F1F4800944D3E /* Build configuration list for PBXNativeTarget "Dandelion" */ = {
			isa = XCConfigurationList;
			buildConfigurations = (
				35263AC9140F1F4800944D3E /* Debug */,
				35263ACA140F1F4800944D3E /* Release */,
			);
			defaultConfigurationIsVisible = 0;
			defaultConfigurationName = Release;
		};
/* End XCConfigurationList section */
	};
	rootObject = 35263A9E140F1F4800944D3E /* Project object */;
}
